// !$*UTF8*$!
{
	archiveVersion = 1;
	classes = {
	};
	objectVersion = 46;
	objects = {

/* Begin PBXBuildFile section */
		42105FE317CFF98B00FC92BB /* sqlite3.c in Sources */ = {isa = PBXBuildFile; fileRef = 42105FE117CFF98B00FC92BB /* sqlite3.c */; settings = {COMPILER_FLAGS = "-w"; }; };
		42105FE417CFF98B00FC92BB /* sqlite3.h in Headers */ = {isa = PBXBuildFile; fileRef = 42105FE217CFF98B00FC92BB /* sqlite3.h */; };
		42105FEC17CFFA4E00FC92BB /* Cocoa.framework in Frameworks */ = {isa = PBXBuildFile; fileRef = 42909B6717B31A4700DBD505 /* Cocoa.framework */; };
		42105FF217CFFA4E00FC92BB /* InfoPlist.strings in Resources */ = {isa = PBXBuildFile; fileRef = 42105FF017CFFA4E00FC92BB /* InfoPlist.strings */; };
		42105FF617CFFA4E00FC92BB /* ORDAMySQL.m in Sources */ = {isa = PBXBuildFile; fileRef = 42105FF517CFFA4E00FC92BB /* ORDAMySQL.m */; };
		42719C8617C9A3F4007AAB83 /* ORDASQLiteTable.h in Headers */ = {isa = PBXBuildFile; fileRef = 42719C8417C9A3F4007AAB83 /* ORDASQLiteTable.h */; };
		42719C8717C9A3F4007AAB83 /* ORDASQLiteTable.m in Sources */ = {isa = PBXBuildFile; fileRef = 42719C8517C9A3F4007AAB83 /* ORDASQLiteTable.m */; };
		42719C8A17C9BC4F007AAB83 /* ORDASQLiteTableResultEntry.h in Headers */ = {isa = PBXBuildFile; fileRef = 42719C8817C9BC4F007AAB83 /* ORDASQLiteTableResultEntry.h */; };
		42719C8B17C9BC4F007AAB83 /* ORDASQLiteTableResultEntry.m in Sources */ = {isa = PBXBuildFile; fileRef = 42719C8917C9BC4F007AAB83 /* ORDASQLiteTableResultEntry.m */; };
		428D035A18495FB500303ED4 /* ORDADriver.h in Headers */ = {isa = PBXBuildFile; fileRef = 428D035118495FB500303ED4 /* ORDADriver.h */; settings = {ATTRIBUTES = (Public, ); }; };
		428D035B18495FB500303ED4 /* ORDAGovernor.h in Headers */ = {isa = PBXBuildFile; fileRef = 428D035218495FB500303ED4 /* ORDAGovernor.h */; settings = {ATTRIBUTES = (Public, ); }; };
		428D035C18495FB500303ED4 /* ORDAResult.h in Headers */ = {isa = PBXBuildFile; fileRef = 428D035318495FB500303ED4 /* ORDAResult.h */; settings = {ATTRIBUTES = (Public, ); }; };
		428D035D18495FB500303ED4 /* ORDAResultConsts.h in Headers */ = {isa = PBXBuildFile; fileRef = 428D035418495FB500303ED4 /* ORDAResultConsts.h */; settings = {ATTRIBUTES = (Public, ); }; };
		428D035E18495FB500303ED4 /* ORDAStatement.h in Headers */ = {isa = PBXBuildFile; fileRef = 428D035518495FB500303ED4 /* ORDAStatement.h */; settings = {ATTRIBUTES = (Public, ); }; };
		428D035F18495FB500303ED4 /* ORDAStatementResult.h in Headers */ = {isa = PBXBuildFile; fileRef = 428D035618495FB500303ED4 /* ORDAStatementResult.h */; settings = {ATTRIBUTES = (Public, ); }; };
		428D036018495FB500303ED4 /* ORDATable.h in Headers */ = {isa = PBXBuildFile; fileRef = 428D035718495FB500303ED4 /* ORDATable.h */; settings = {ATTRIBUTES = (Public, ); }; };
		428D036118495FB500303ED4 /* ORDATableResult.h in Headers */ = {isa = PBXBuildFile; fileRef = 428D035818495FB500303ED4 /* ORDATableResult.h */; settings = {ATTRIBUTES = (Public, ); }; };
		428D036218495FB500303ED4 /* ORDATableView.h in Headers */ = {isa = PBXBuildFile; fileRef = 428D035918495FB500303ED4 /* ORDATableView.h */; settings = {ATTRIBUTES = (Public, ); }; };
		428D037318495FC500303ED4 /* ORDADriverResult.h in Headers */ = {isa = PBXBuildFile; fileRef = 428D036318495FC500303ED4 /* ORDADriverResult.h */; };
		428D037418495FC500303ED4 /* ORDADriverResult.m in Sources */ = {isa = PBXBuildFile; fileRef = 428D036418495FC500303ED4 /* ORDADriverResult.m */; };
		428D037518495FC500303ED4 /* ORDAErrorResult.h in Headers */ = {isa = PBXBuildFile; fileRef = 428D036518495FC500303ED4 /* ORDAErrorResult.h */; };
		428D037618495FC500303ED4 /* ORDAErrorResult.m in Sources */ = {isa = PBXBuildFile; fileRef = 428D036618495FC500303ED4 /* ORDAErrorResult.m */; };
		428D037718495FC500303ED4 /* ORDAGovernorImpl.h in Headers */ = {isa = PBXBuildFile; fileRef = 428D036718495FC500303ED4 /* ORDAGovernorImpl.h */; };
		428D037818495FC500303ED4 /* ORDAGovernorImpl.m in Sources */ = {isa = PBXBuildFile; fileRef = 428D036818495FC500303ED4 /* ORDAGovernorImpl.m */; };
		428D037918495FC500303ED4 /* ORDAResultImpl.h in Headers */ = {isa = PBXBuildFile; fileRef = 428D036918495FC500303ED4 /* ORDAResultImpl.h */; };
		428D037A18495FC500303ED4 /* ORDAResultImpl.m in Sources */ = {isa = PBXBuildFile; fileRef = 428D036A18495FC500303ED4 /* ORDAResultImpl.m */; };
		428D037B18495FC500303ED4 /* ORDAStatementImpl.h in Headers */ = {isa = PBXBuildFile; fileRef = 428D036B18495FC500303ED4 /* ORDAStatementImpl.h */; };
		428D037C18495FC500303ED4 /* ORDAStatementImpl.m in Sources */ = {isa = PBXBuildFile; fileRef = 428D036C18495FC500303ED4 /* ORDAStatementImpl.m */; };
		428D037D18495FC500303ED4 /* ORDAStatementResultImpl.h in Headers */ = {isa = PBXBuildFile; fileRef = 428D036D18495FC500303ED4 /* ORDAStatementResultImpl.h */; };
		428D037E18495FC500303ED4 /* ORDAStatementResultImpl.m in Sources */ = {isa = PBXBuildFile; fileRef = 428D036E18495FC500303ED4 /* ORDAStatementResultImpl.m */; };
		428D037F18495FC500303ED4 /* ORDATableImpl.h in Headers */ = {isa = PBXBuildFile; fileRef = 428D036F18495FC500303ED4 /* ORDATableImpl.h */; };
		428D038018495FC500303ED4 /* ORDATableImpl.m in Sources */ = {isa = PBXBuildFile; fileRef = 428D037018495FC500303ED4 /* ORDATableImpl.m */; };
		428D038118495FC500303ED4 /* ORDATableResultImpl.h in Headers */ = {isa = PBXBuildFile; fileRef = 428D037118495FC500303ED4 /* ORDATableResultImpl.h */; };
		428D038218495FC500303ED4 /* ORDATableResultImpl.m in Sources */ = {isa = PBXBuildFile; fileRef = 428D037218495FC500303ED4 /* ORDATableResultImpl.m */; };
		428D03851849606900303ED4 /* ORDATableViewImpl.h in Headers */ = {isa = PBXBuildFile; fileRef = 428D03831849606900303ED4 /* ORDATableViewImpl.h */; };
		428D03861849606900303ED4 /* ORDATableViewImpl.m in Sources */ = {isa = PBXBuildFile; fileRef = 428D03841849606900303ED4 /* ORDATableViewImpl.m */; };
		428D03891849659800303ED4 /* ORDASQLiteTableView.h in Headers */ = {isa = PBXBuildFile; fileRef = 428D03871849659800303ED4 /* ORDASQLiteTableView.h */; };
		428D038A1849659800303ED4 /* ORDASQLiteTableView.m in Sources */ = {isa = PBXBuildFile; fileRef = 428D03881849659800303ED4 /* ORDASQLiteTableView.m */; };
		428D038B1849860F00303ED4 /* ORDA+Private.h in Headers */ = {isa = PBXBuildFile; fileRef = 424B2E7217C71CF1000B354E /* ORDA+Private.h */; };
		428D03B9184987CE00303ED4 /* ORDADriverResult.m in Sources */ = {isa = PBXBuildFile; fileRef = 428D036418495FC500303ED4 /* ORDADriverResult.m */; };
		428D03BA184987CE00303ED4 /* ORDAErrorResult.m in Sources */ = {isa = PBXBuildFile; fileRef = 428D036618495FC500303ED4 /* ORDAErrorResult.m */; };
		428D03BB184987CE00303ED4 /* ORDATableResultImpl.m in Sources */ = {isa = PBXBuildFile; fileRef = 428D037218495FC500303ED4 /* ORDATableResultImpl.m */; };
		428D03BC184987CE00303ED4 /* ORDATableViewImpl.m in Sources */ = {isa = PBXBuildFile; fileRef = 428D03841849606900303ED4 /* ORDATableViewImpl.m */; };
		428D03BD184987CE00303ED4 /* ORDATableImpl.m in Sources */ = {isa = PBXBuildFile; fileRef = 428D037018495FC500303ED4 /* ORDATableImpl.m */; };
		428D03BE184987CE00303ED4 /* ORDAStatementResultImpl.m in Sources */ = {isa = PBXBuildFile; fileRef = 428D036E18495FC500303ED4 /* ORDAStatementResultImpl.m */; };
		428D03BF184987CE00303ED4 /* ORDA.m in Sources */ = {isa = PBXBuildFile; fileRef = 42909B7517B31A4700DBD505 /* ORDA.m */; };
		428D03C0184987CE00303ED4 /* ORDAStatementImpl.m in Sources */ = {isa = PBXBuildFile; fileRef = 428D036C18495FC500303ED4 /* ORDAStatementImpl.m */; };
		428D03C1184987CE00303ED4 /* ORDAResultImpl.m in Sources */ = {isa = PBXBuildFile; fileRef = 428D036A18495FC500303ED4 /* ORDAResultImpl.m */; };
		428D03C2184987CE00303ED4 /* ORDAGovernorImpl.m in Sources */ = {isa = PBXBuildFile; fileRef = 428D036818495FC500303ED4 /* ORDAGovernorImpl.m */; };
		428D03C5184987CE00303ED4 /* Cocoa.framework in Frameworks */ = {isa = PBXBuildFile; fileRef = 42909B6717B31A4700DBD505 /* Cocoa.framework */; };
		428D03C7184987CE00303ED4 /* ORDA.h in Headers */ = {isa = PBXBuildFile; fileRef = 42909B7417B31A4700DBD505 /* ORDA.h */; settings = {ATTRIBUTES = (Public, ); }; };
		428D03C8184987CE00303ED4 /* ORDADriver.h in Headers */ = {isa = PBXBuildFile; fileRef = 428D035118495FB500303ED4 /* ORDADriver.h */; settings = {ATTRIBUTES = (Public, ); }; };
		428D03C9184987CE00303ED4 /* ORDAGovernor.h in Headers */ = {isa = PBXBuildFile; fileRef = 428D035218495FB500303ED4 /* ORDAGovernor.h */; settings = {ATTRIBUTES = (Public, ); }; };
		428D03CA184987CE00303ED4 /* ORDAResult.h in Headers */ = {isa = PBXBuildFile; fileRef = 428D035318495FB500303ED4 /* ORDAResult.h */; settings = {ATTRIBUTES = (Public, ); }; };
		428D03CB184987CE00303ED4 /* ORDAResultConsts.h in Headers */ = {isa = PBXBuildFile; fileRef = 428D035418495FB500303ED4 /* ORDAResultConsts.h */; settings = {ATTRIBUTES = (Public, ); }; };
		428D03CC184987CE00303ED4 /* ORDAStatement.h in Headers */ = {isa = PBXBuildFile; fileRef = 428D035518495FB500303ED4 /* ORDAStatement.h */; settings = {ATTRIBUTES = (Public, ); }; };
		428D03CD184987CE00303ED4 /* ORDAStatementResult.h in Headers */ = {isa = PBXBuildFile; fileRef = 428D035618495FB500303ED4 /* ORDAStatementResult.h */; settings = {ATTRIBUTES = (Public, ); }; };
		428D03CE184987CE00303ED4 /* ORDATable.h in Headers */ = {isa = PBXBuildFile; fileRef = 428D035718495FB500303ED4 /* ORDATable.h */; settings = {ATTRIBUTES = (Public, ); }; };
		428D03CF184987CE00303ED4 /* ORDATableResult.h in Headers */ = {isa = PBXBuildFile; fileRef = 428D035818495FB500303ED4 /* ORDATableResult.h */; settings = {ATTRIBUTES = (Public, ); }; };
		428D03D0184987CE00303ED4 /* ORDATableView.h in Headers */ = {isa = PBXBuildFile; fileRef = 428D035918495FB500303ED4 /* ORDATableView.h */; settings = {ATTRIBUTES = (Public, ); }; };
		428D03D1184987CE00303ED4 /* ORDA+Private.h in Headers */ = {isa = PBXBuildFile; fileRef = 424B2E7217C71CF1000B354E /* ORDA+Private.h */; settings = {ATTRIBUTES = (Public, ); }; };
		428D03D2184987CE00303ED4 /* ORDAResultImpl.h in Headers */ = {isa = PBXBuildFile; fileRef = 428D036918495FC500303ED4 /* ORDAResultImpl.h */; settings = {ATTRIBUTES = (Public, ); }; };
		428D03D3184987CE00303ED4 /* ORDATableResultImpl.h in Headers */ = {isa = PBXBuildFile; fileRef = 428D037118495FC500303ED4 /* ORDATableResultImpl.h */; settings = {ATTRIBUTES = (Public, ); }; };
		428D03D4184987CE00303ED4 /* ORDAStatementImpl.h in Headers */ = {isa = PBXBuildFile; fileRef = 428D036B18495FC500303ED4 /* ORDAStatementImpl.h */; settings = {ATTRIBUTES = (Public, ); }; };
		428D03D5184987CE00303ED4 /* ORDATableViewImpl.h in Headers */ = {isa = PBXBuildFile; fileRef = 428D03831849606900303ED4 /* ORDATableViewImpl.h */; settings = {ATTRIBUTES = (Public, ); }; };
		428D03D6184987CE00303ED4 /* ORDATableImpl.h in Headers */ = {isa = PBXBuildFile; fileRef = 428D036F18495FC500303ED4 /* ORDATableImpl.h */; settings = {ATTRIBUTES = (Public, ); }; };
		428D03D7184987CE00303ED4 /* ORDAGovernorImpl.h in Headers */ = {isa = PBXBuildFile; fileRef = 428D036718495FC500303ED4 /* ORDAGovernorImpl.h */; settings = {ATTRIBUTES = (Public, ); }; };
		428D03D8184987CE00303ED4 /* ORDADriverResult.h in Headers */ = {isa = PBXBuildFile; fileRef = 428D036318495FC500303ED4 /* ORDADriverResult.h */; settings = {ATTRIBUTES = (Public, ); }; };
		428D03D9184987CE00303ED4 /* ORDAStatementResultImpl.h in Headers */ = {isa = PBXBuildFile; fileRef = 428D036D18495FC500303ED4 /* ORDAStatementResultImpl.h */; settings = {ATTRIBUTES = (Public, ); }; };
		428D03DA184987CE00303ED4 /* ORDAErrorResult.h in Headers */ = {isa = PBXBuildFile; fileRef = 428D036518495FC500303ED4 /* ORDAErrorResult.h */; settings = {ATTRIBUTES = (Public, ); }; };
		428D03DC184987CE00303ED4 /* README.md in Resources */ = {isa = PBXBuildFile; fileRef = 42B00C2D17C6C54D000B13E7 /* README.md */; };
		428D03DD184987CE00303ED4 /* InfoPlist.strings in Resources */ = {isa = PBXBuildFile; fileRef = 42909B7017B31A4700DBD505 /* InfoPlist.strings */; };
		428D03DE184987CE00303ED4 /* Chinook_Sqlite.sqlite in Resources */ = {isa = PBXBuildFile; fileRef = 42B00AF517C3402F000B13E7 /* Chinook_Sqlite.sqlite */; };
		428D03DF184987CE00303ED4 /* LICENSE in Resources */ = {isa = PBXBuildFile; fileRef = 42B00C3417C6C669000B13E7 /* LICENSE */; };
		42909B6817B31A4700DBD505 /* Cocoa.framework in Frameworks */ = {isa = PBXBuildFile; fileRef = 42909B6717B31A4700DBD505 /* Cocoa.framework */; };
		42909B7217B31A4700DBD505 /* InfoPlist.strings in Resources */ = {isa = PBXBuildFile; fileRef = 42909B7017B31A4700DBD505 /* InfoPlist.strings */; };
		42909B7F17B31A4700DBD505 /* Cocoa.framework in Frameworks */ = {isa = PBXBuildFile; fileRef = 42909B6717B31A4700DBD505 /* Cocoa.framework */; };
		42909B8217B31A4700DBD505 /* ORDA.framework in Frameworks */ = {isa = PBXBuildFile; fileRef = 42909B6417B31A4700DBD505 /* ORDA.framework */; };
		42909B8817B31A4700DBD505 /* InfoPlist.strings in Resources */ = {isa = PBXBuildFile; fileRef = 42909B8617B31A4700DBD505 /* InfoPlist.strings */; };
		42909B8B17B31A4700DBD505 /* ORDATests.m in Sources */ = {isa = PBXBuildFile; fileRef = 42909B8A17B31A4700DBD505 /* ORDATests.m */; };
		4290EF7318498C4400C67769 /* TypeExtensions.framework in Frameworks */ = {isa = PBXBuildFile; fileRef = 4290EF7218498C4400C67769 /* TypeExtensions.framework */; };
		4290EF7418498C5100C67769 /* TypeExtensions.framework in Frameworks */ = {isa = PBXBuildFile; fileRef = 4290EF7218498C4400C67769 /* TypeExtensions.framework */; };
		4290EF7518498C5A00C67769 /* TypeExtensions.framework in Frameworks */ = {isa = PBXBuildFile; fileRef = 4290EF7218498C4400C67769 /* TypeExtensions.framework */; };
		4290EF7618498C5B00C67769 /* TypeExtensions.framework in Frameworks */ = {isa = PBXBuildFile; fileRef = 4290EF7218498C4400C67769 /* TypeExtensions.framework */; };
		42A34E4B17D424CA0093B85C /* ORDAMySQLConsts.h in Headers */ = {isa = PBXBuildFile; fileRef = 42A34E4217D424CA0093B85C /* ORDAMySQLConsts.h */; };
		42A34E4C17D424CA0093B85C /* ORDAMySQLDriver.h in Headers */ = {isa = PBXBuildFile; fileRef = 42A34E4317D424CA0093B85C /* ORDAMySQLDriver.h */; };
		42A34E4D17D424CA0093B85C /* ORDAMySQLDriver.m in Sources */ = {isa = PBXBuildFile; fileRef = 42A34E4417D424CA0093B85C /* ORDAMySQLDriver.m */; };
		42A34E4E17D424CA0093B85C /* ORDAMySQLErrorResult.h in Headers */ = {isa = PBXBuildFile; fileRef = 42A34E4517D424CA0093B85C /* ORDAMySQLErrorResult.h */; };
		42A34E4F17D424CA0093B85C /* ORDAMySQLErrorResult.m in Sources */ = {isa = PBXBuildFile; fileRef = 42A34E4617D424CA0093B85C /* ORDAMySQLErrorResult.m */; };
		42A34E5017D424CA0093B85C /* ORDAMySQLGovernor.h in Headers */ = {isa = PBXBuildFile; fileRef = 42A34E4717D424CA0093B85C /* ORDAMySQLGovernor.h */; };
		42A34E5117D424CA0093B85C /* ORDAMySQLGovernor.m in Sources */ = {isa = PBXBuildFile; fileRef = 42A34E4817D424CA0093B85C /* ORDAMySQLGovernor.m */; };
		42A34E5217D424CA0093B85C /* ORDAMySQLStatement.h in Headers */ = {isa = PBXBuildFile; fileRef = 42A34E4917D424CA0093B85C /* ORDAMySQLStatement.h */; };
		42A34E5317D424CA0093B85C /* ORDAMySQLStatement.m in Sources */ = {isa = PBXBuildFile; fileRef = 42A34E4A17D424CA0093B85C /* ORDAMySQLStatement.m */; };
		42A34E5617D427000093B85C /* ORDAMySQLTable.h in Headers */ = {isa = PBXBuildFile; fileRef = 42A34E5417D427000093B85C /* ORDAMySQLTable.h */; };
		42A34E5717D427000093B85C /* ORDAMySQLTable.m in Sources */ = {isa = PBXBuildFile; fileRef = 42A34E5517D427000093B85C /* ORDAMySQLTable.m */; };
		42A34E5A17D451090093B85C /* ORDAMySQLTableResultEntry.h in Headers */ = {isa = PBXBuildFile; fileRef = 42A34E5817D451090093B85C /* ORDAMySQLTableResultEntry.h */; };
		42A34E5B17D451090093B85C /* ORDAMySQLTableResultEntry.m in Sources */ = {isa = PBXBuildFile; fileRef = 42A34E5917D451090093B85C /* ORDAMySQLTableResultEntry.m */; };
		42A34E5E17D4556D0093B85C /* libmysqlclient.18.dylib in Frameworks */ = {isa = PBXBuildFile; fileRef = 42A34E5D17D4556D0093B85C /* libmysqlclient.18.dylib */; };
		42A34E5F17D4557A0093B85C /* ORDA.framework in Frameworks */ = {isa = PBXBuildFile; fileRef = 42909B6417B31A4700DBD505 /* ORDA.framework */; };
		42B00ADE17C33777000B13E7 /* (null) in CopyFiles */ = {isa = PBXBuildFile; };
		42B00AF617C3402F000B13E7 /* Chinook_Sqlite.sqlite in Resources */ = {isa = PBXBuildFile; fileRef = 42B00AF517C3402F000B13E7 /* Chinook_Sqlite.sqlite */; };
		42B00B2417C53A9F000B13E7 /* ORDA.m in Sources */ = {isa = PBXBuildFile; fileRef = 42909B7517B31A4700DBD505 /* ORDA.m */; };
		42B00BD317C66C72000B13E7 /* Cocoa.framework in Frameworks */ = {isa = PBXBuildFile; fileRef = 42909B6717B31A4700DBD505 /* Cocoa.framework */; };
		42B00BD917C66C72000B13E7 /* InfoPlist.strings in Resources */ = {isa = PBXBuildFile; fileRef = 42B00BD717C66C72000B13E7 /* InfoPlist.strings */; };
		42B00BDD17C66C72000B13E7 /* CocoaSQLite.m in Sources */ = {isa = PBXBuildFile; fileRef = 42B00BDC17C66C72000B13E7 /* CocoaSQLite.m */; };
		42B00BF017C66CD9000B13E7 /* ORDASQLiteConsts.h in Headers */ = {isa = PBXBuildFile; fileRef = 42B00BE717C66CD9000B13E7 /* ORDASQLiteConsts.h */; settings = {ATTRIBUTES = (Public, ); }; };
		42B00BF117C66CD9000B13E7 /* ORDASQLiteDriver.h in Headers */ = {isa = PBXBuildFile; fileRef = 42B00BE817C66CD9000B13E7 /* ORDASQLiteDriver.h */; };
		42B00BF217C66CD9000B13E7 /* ORDASQLiteDriver.m in Sources */ = {isa = PBXBuildFile; fileRef = 42B00BE917C66CD9000B13E7 /* ORDASQLiteDriver.m */; };
		42B00BF317C66CD9000B13E7 /* ORDASQLiteErrorResult.h in Headers */ = {isa = PBXBuildFile; fileRef = 42B00BEA17C66CD9000B13E7 /* ORDASQLiteErrorResult.h */; };
		42B00BF417C66CD9000B13E7 /* ORDASQLiteErrorResult.m in Sources */ = {isa = PBXBuildFile; fileRef = 42B00BEB17C66CD9000B13E7 /* ORDASQLiteErrorResult.m */; };
		42B00BF517C66CD9000B13E7 /* ORDASQLiteGovernor.h in Headers */ = {isa = PBXBuildFile; fileRef = 42B00BEC17C66CD9000B13E7 /* ORDASQLiteGovernor.h */; };
		42B00BF617C66CD9000B13E7 /* ORDASQLiteGovernor.m in Sources */ = {isa = PBXBuildFile; fileRef = 42B00BED17C66CD9000B13E7 /* ORDASQLiteGovernor.m */; };
		42B00BF717C66CD9000B13E7 /* ORDASQLiteStatement.h in Headers */ = {isa = PBXBuildFile; fileRef = 42B00BEE17C66CD9000B13E7 /* ORDASQLiteStatement.h */; };
		42B00BF817C66CD9000B13E7 /* ORDASQLiteStatement.m in Sources */ = {isa = PBXBuildFile; fileRef = 42B00BEF17C66CD9000B13E7 /* ORDASQLiteStatement.m */; };
		42B00BF917C66CF5000B13E7 /* CocoaSQLite.h in Headers */ = {isa = PBXBuildFile; fileRef = 42B00BDB17C66C72000B13E7 /* CocoaSQLite.h */; settings = {ATTRIBUTES = (Public, ); }; };
		42B00BFA17C66D1C000B13E7 /* ORDA.framework in Frameworks */ = {isa = PBXBuildFile; fileRef = 42909B6417B31A4700DBD505 /* ORDA.framework */; };
		42B00C1B17C6BA66000B13E7 /* ORDASQLite.framework in Frameworks */ = {isa = PBXBuildFile; fileRef = 42B00BD217C66C72000B13E7 /* ORDASQLite.framework */; };
		42B00C1C17C6BA6E000B13E7 /* libsqlite3.0.dylib in Frameworks */ = {isa = PBXBuildFile; fileRef = 42B00BFC17C66D38000B13E7 /* libsqlite3.0.dylib */; };
		42B00C3317C6C65D000B13E7 /* README.md in Resources */ = {isa = PBXBuildFile; fileRef = 42B00C2D17C6C54D000B13E7 /* README.md */; };
		42B00C3517C6C66A000B13E7 /* LICENSE in Resources */ = {isa = PBXBuildFile; fileRef = 42B00C3417C6C669000B13E7 /* LICENSE */; };
		42B00C3617C6C66A000B13E7 /* LICENSE in Resources */ = {isa = PBXBuildFile; fileRef = 42B00C3417C6C669000B13E7 /* LICENSE */; };
		42EC295E1840476A00AA5BDA /* XCTest.framework in Frameworks */ = {isa = PBXBuildFile; fileRef = 42EC295D1840476A00AA5BDA /* XCTest.framework */; };
		42F06AFB17B87872004F2F06 /* ORDA.h in Headers */ = {isa = PBXBuildFile; fileRef = 42909B7417B31A4700DBD505 /* ORDA.h */; settings = {ATTRIBUTES = (Public, ); }; };
/* End PBXBuildFile section */

/* Begin PBXContainerItemProxy section */
		42A34E6017D455810093B85C /* PBXContainerItemProxy */ = {
			isa = PBXContainerItemProxy;
			containerPortal = 42909B5B17B31A4700DBD505 /* Project object */;
			proxyType = 1;
			remoteGlobalIDString = 42909B6317B31A4700DBD505;
			remoteInfo = ORDA;
		};
		42B00C2717C6C3A7000B13E7 /* PBXContainerItemProxy */ = {
			isa = PBXContainerItemProxy;
			containerPortal = 42909B5B17B31A4700DBD505 /* Project object */;
			proxyType = 1;
			remoteGlobalIDString = 42909B6317B31A4700DBD505;
			remoteInfo = ORDA;
		};
		42B00C2917C6C3AC000B13E7 /* PBXContainerItemProxy */ = {
			isa = PBXContainerItemProxy;
			containerPortal = 42909B5B17B31A4700DBD505 /* Project object */;
			proxyType = 1;
			remoteGlobalIDString = 42B00BD117C66C72000B13E7;
			remoteInfo = ORDASQLite;
		};
/* End PBXContainerItemProxy section */

/* Begin PBXCopyFilesBuildPhase section */
		42B00ADD17C33768000B13E7 /* CopyFiles */ = {
			isa = PBXCopyFilesBuildPhase;
			buildActionMask = 2147483647;
			dstPath = "";
			dstSubfolderSpec = 11;
			files = (
				42B00ADE17C33777000B13E7 /* (null) in CopyFiles */,
			);
			runOnlyForDeploymentPostprocessing = 0;
		};
/* End PBXCopyFilesBuildPhase section */

/* Begin PBXFileReference section */
		42105FE117CFF98B00FC92BB /* sqlite3.c */ = {isa = PBXFileReference; fileEncoding = 4; lastKnownFileType = sourcecode.c.c; path = sqlite3.c; sourceTree = "<group>"; };
		42105FE217CFF98B00FC92BB /* sqlite3.h */ = {isa = PBXFileReference; fileEncoding = 4; lastKnownFileType = sourcecode.c.h; path = sqlite3.h; sourceTree = "<group>"; };
		42105FEB17CFFA4E00FC92BB /* ORDAMySQL.framework */ = {isa = PBXFileReference; explicitFileType = wrapper.framework; includeInIndex = 0; path = ORDAMySQL.framework; sourceTree = BUILT_PRODUCTS_DIR; };
		42105FEF17CFFA4E00FC92BB /* ORDAMySQL-Info.plist */ = {isa = PBXFileReference; lastKnownFileType = text.plist.xml; path = "ORDAMySQL-Info.plist"; sourceTree = "<group>"; };
		42105FF117CFFA4E00FC92BB /* en */ = {isa = PBXFileReference; lastKnownFileType = text.plist.strings; name = en; path = en.lproj/InfoPlist.strings; sourceTree = "<group>"; };
		42105FF317CFFA4E00FC92BB /* ORDAMySQL-Prefix.pch */ = {isa = PBXFileReference; lastKnownFileType = sourcecode.c.h; path = "ORDAMySQL-Prefix.pch"; sourceTree = "<group>"; };
		42105FF417CFFA4E00FC92BB /* ORDAMySQL.h */ = {isa = PBXFileReference; lastKnownFileType = sourcecode.c.h; path = ORDAMySQL.h; sourceTree = "<group>"; };
		42105FF517CFFA4E00FC92BB /* ORDAMySQL.m */ = {isa = PBXFileReference; lastKnownFileType = sourcecode.c.objc; path = ORDAMySQL.m; sourceTree = "<group>"; };
		424B2E7217C71CF1000B354E /* ORDA+Private.h */ = {isa = PBXFileReference; lastKnownFileType = sourcecode.c.h; path = "ORDA+Private.h"; sourceTree = "<group>"; };
		42719C8417C9A3F4007AAB83 /* ORDASQLiteTable.h */ = {isa = PBXFileReference; fileEncoding = 4; lastKnownFileType = sourcecode.c.h; path = ORDASQLiteTable.h; sourceTree = "<group>"; };
		42719C8517C9A3F4007AAB83 /* ORDASQLiteTable.m */ = {isa = PBXFileReference; fileEncoding = 4; lastKnownFileType = sourcecode.c.objc; path = ORDASQLiteTable.m; sourceTree = "<group>"; };
		42719C8817C9BC4F007AAB83 /* ORDASQLiteTableResultEntry.h */ = {isa = PBXFileReference; fileEncoding = 4; lastKnownFileType = sourcecode.c.h; path = ORDASQLiteTableResultEntry.h; sourceTree = "<group>"; };
		42719C8917C9BC4F007AAB83 /* ORDASQLiteTableResultEntry.m */ = {isa = PBXFileReference; fileEncoding = 4; lastKnownFileType = sourcecode.c.objc; path = ORDASQLiteTableResultEntry.m; sourceTree = "<group>"; };
		428D035118495FB500303ED4 /* ORDADriver.h */ = {isa = PBXFileReference; fileEncoding = 4; lastKnownFileType = sourcecode.c.h; path = ORDADriver.h; sourceTree = "<group>"; };
		428D035218495FB500303ED4 /* ORDAGovernor.h */ = {isa = PBXFileReference; fileEncoding = 4; lastKnownFileType = sourcecode.c.h; path = ORDAGovernor.h; sourceTree = "<group>"; };
		428D035318495FB500303ED4 /* ORDAResult.h */ = {isa = PBXFileReference; fileEncoding = 4; lastKnownFileType = sourcecode.c.h; path = ORDAResult.h; sourceTree = "<group>"; };
		428D035418495FB500303ED4 /* ORDAResultConsts.h */ = {isa = PBXFileReference; fileEncoding = 4; lastKnownFileType = sourcecode.c.h; path = ORDAResultConsts.h; sourceTree = "<group>"; };
		428D035518495FB500303ED4 /* ORDAStatement.h */ = {isa = PBXFileReference; fileEncoding = 4; lastKnownFileType = sourcecode.c.h; path = ORDAStatement.h; sourceTree = "<group>"; };
		428D035618495FB500303ED4 /* ORDAStatementResult.h */ = {isa = PBXFileReference; fileEncoding = 4; lastKnownFileType = sourcecode.c.h; path = ORDAStatementResult.h; sourceTree = "<group>"; };
		428D035718495FB500303ED4 /* ORDATable.h */ = {isa = PBXFileReference; fileEncoding = 4; lastKnownFileType = sourcecode.c.h; path = ORDATable.h; sourceTree = "<group>"; };
		428D035818495FB500303ED4 /* ORDATableResult.h */ = {isa = PBXFileReference; fileEncoding = 4; lastKnownFileType = sourcecode.c.h; path = ORDATableResult.h; sourceTree = "<group>"; };
		428D035918495FB500303ED4 /* ORDATableView.h */ = {isa = PBXFileReference; fileEncoding = 4; lastKnownFileType = sourcecode.c.h; path = ORDATableView.h; sourceTree = "<group>"; };
		428D036318495FC500303ED4 /* ORDADriverResult.h */ = {isa = PBXFileReference; fileEncoding = 4; lastKnownFileType = sourcecode.c.h; path = ORDADriverResult.h; sourceTree = "<group>"; };
		428D036418495FC500303ED4 /* ORDADriverResult.m */ = {isa = PBXFileReference; fileEncoding = 4; lastKnownFileType = sourcecode.c.objc; path = ORDADriverResult.m; sourceTree = "<group>"; };
		428D036518495FC500303ED4 /* ORDAErrorResult.h */ = {isa = PBXFileReference; fileEncoding = 4; lastKnownFileType = sourcecode.c.h; path = ORDAErrorResult.h; sourceTree = "<group>"; };
		428D036618495FC500303ED4 /* ORDAErrorResult.m */ = {isa = PBXFileReference; fileEncoding = 4; lastKnownFileType = sourcecode.c.objc; path = ORDAErrorResult.m; sourceTree = "<group>"; };
		428D036718495FC500303ED4 /* ORDAGovernorImpl.h */ = {isa = PBXFileReference; fileEncoding = 4; lastKnownFileType = sourcecode.c.h; path = ORDAGovernorImpl.h; sourceTree = "<group>"; };
		428D036818495FC500303ED4 /* ORDAGovernorImpl.m */ = {isa = PBXFileReference; fileEncoding = 4; lastKnownFileType = sourcecode.c.objc; path = ORDAGovernorImpl.m; sourceTree = "<group>"; };
		428D036918495FC500303ED4 /* ORDAResultImpl.h */ = {isa = PBXFileReference; fileEncoding = 4; lastKnownFileType = sourcecode.c.h; path = ORDAResultImpl.h; sourceTree = "<group>"; };
		428D036A18495FC500303ED4 /* ORDAResultImpl.m */ = {isa = PBXFileReference; fileEncoding = 4; lastKnownFileType = sourcecode.c.objc; path = ORDAResultImpl.m; sourceTree = "<group>"; };
		428D036B18495FC500303ED4 /* ORDAStatementImpl.h */ = {isa = PBXFileReference; fileEncoding = 4; lastKnownFileType = sourcecode.c.h; path = ORDAStatementImpl.h; sourceTree = "<group>"; };
		428D036C18495FC500303ED4 /* ORDAStatementImpl.m */ = {isa = PBXFileReference; fileEncoding = 4; lastKnownFileType = sourcecode.c.objc; path = ORDAStatementImpl.m; sourceTree = "<group>"; };
		428D036D18495FC500303ED4 /* ORDAStatementResultImpl.h */ = {isa = PBXFileReference; fileEncoding = 4; lastKnownFileType = sourcecode.c.h; path = ORDAStatementResultImpl.h; sourceTree = "<group>"; };
		428D036E18495FC500303ED4 /* ORDAStatementResultImpl.m */ = {isa = PBXFileReference; fileEncoding = 4; lastKnownFileType = sourcecode.c.objc; path = ORDAStatementResultImpl.m; sourceTree = "<group>"; };
		428D036F18495FC500303ED4 /* ORDATableImpl.h */ = {isa = PBXFileReference; fileEncoding = 4; lastKnownFileType = sourcecode.c.h; path = ORDATableImpl.h; sourceTree = "<group>"; };
		428D037018495FC500303ED4 /* ORDATableImpl.m */ = {isa = PBXFileReference; fileEncoding = 4; lastKnownFileType = sourcecode.c.objc; path = ORDATableImpl.m; sourceTree = "<group>"; };
		428D037118495FC500303ED4 /* ORDATableResultImpl.h */ = {isa = PBXFileReference; fileEncoding = 4; lastKnownFileType = sourcecode.c.h; path = ORDATableResultImpl.h; sourceTree = "<group>"; };
		428D037218495FC500303ED4 /* ORDATableResultImpl.m */ = {isa = PBXFileReference; fileEncoding = 4; lastKnownFileType = sourcecode.c.objc; path = ORDATableResultImpl.m; sourceTree = "<group>"; };
		428D03831849606900303ED4 /* ORDATableViewImpl.h */ = {isa = PBXFileReference; fileEncoding = 4; lastKnownFileType = sourcecode.c.h; path = ORDATableViewImpl.h; sourceTree = "<group>"; };
		428D03841849606900303ED4 /* ORDATableViewImpl.m */ = {isa = PBXFileReference; fileEncoding = 4; lastKnownFileType = sourcecode.c.objc; path = ORDATableViewImpl.m; sourceTree = "<group>"; };
		428D03871849659800303ED4 /* ORDASQLiteTableView.h */ = {isa = PBXFileReference; fileEncoding = 4; lastKnownFileType = sourcecode.c.h; path = ORDASQLiteTableView.h; sourceTree = "<group>"; };
		428D03881849659800303ED4 /* ORDASQLiteTableView.m */ = {isa = PBXFileReference; fileEncoding = 4; lastKnownFileType = sourcecode.c.objc; path = ORDASQLiteTableView.m; sourceTree = "<group>"; };
		428D03E4184987CE00303ED4 /* ORDA-dev.framework */ = {isa = PBXFileReference; explicitFileType = wrapper.framework; includeInIndex = 0; path = "ORDA-dev.framework"; sourceTree = BUILT_PRODUCTS_DIR; };
		42909B6417B31A4700DBD505 /* ORDA.framework */ = {isa = PBXFileReference; explicitFileType = wrapper.framework; includeInIndex = 0; path = ORDA.framework; sourceTree = BUILT_PRODUCTS_DIR; };
		42909B6717B31A4700DBD505 /* Cocoa.framework */ = {isa = PBXFileReference; lastKnownFileType = wrapper.framework; name = Cocoa.framework; path = System/Library/Frameworks/Cocoa.framework; sourceTree = SDKROOT; };
		42909B6A17B31A4700DBD505 /* AppKit.framework */ = {isa = PBXFileReference; lastKnownFileType = wrapper.framework; name = AppKit.framework; path = System/Library/Frameworks/AppKit.framework; sourceTree = SDKROOT; };
		42909B6B17B31A4700DBD505 /* CoreData.framework */ = {isa = PBXFileReference; lastKnownFileType = wrapper.framework; name = CoreData.framework; path = System/Library/Frameworks/CoreData.framework; sourceTree = SDKROOT; };
		42909B6C17B31A4700DBD505 /* Foundation.framework */ = {isa = PBXFileReference; lastKnownFileType = wrapper.framework; name = Foundation.framework; path = System/Library/Frameworks/Foundation.framework; sourceTree = SDKROOT; };
		42909B6F17B31A4700DBD505 /* ORDA-Info.plist */ = {isa = PBXFileReference; lastKnownFileType = text.plist.xml; path = "ORDA-Info.plist"; sourceTree = "<group>"; };
		42909B7117B31A4700DBD505 /* en */ = {isa = PBXFileReference; lastKnownFileType = text.plist.strings; name = en; path = en.lproj/InfoPlist.strings; sourceTree = "<group>"; };
		42909B7317B31A4700DBD505 /* ORDA-Prefix.pch */ = {isa = PBXFileReference; lastKnownFileType = sourcecode.c.h; path = "ORDA-Prefix.pch"; sourceTree = "<group>"; };
		42909B7417B31A4700DBD505 /* ORDA.h */ = {isa = PBXFileReference; lastKnownFileType = sourcecode.c.h; path = ORDA.h; sourceTree = "<group>"; };
		42909B7517B31A4700DBD505 /* ORDA.m */ = {isa = PBXFileReference; lastKnownFileType = sourcecode.c.objc; path = ORDA.m; sourceTree = "<group>"; };
		42909B7C17B31A4700DBD505 /* ORDASQLiteTests.xctest */ = {isa = PBXFileReference; explicitFileType = wrapper.cfbundle; includeInIndex = 0; path = ORDASQLiteTests.xctest; sourceTree = BUILT_PRODUCTS_DIR; };
		42909B8517B31A4700DBD505 /* ORDATests-Info.plist */ = {isa = PBXFileReference; lastKnownFileType = text.plist.xml; path = "ORDATests-Info.plist"; sourceTree = "<group>"; };
		42909B8717B31A4700DBD505 /* en */ = {isa = PBXFileReference; lastKnownFileType = text.plist.strings; name = en; path = en.lproj/InfoPlist.strings; sourceTree = "<group>"; };
		42909B8917B31A4700DBD505 /* ORDATests.h */ = {isa = PBXFileReference; lastKnownFileType = sourcecode.c.h; path = ORDATests.h; sourceTree = "<group>"; };
		42909B8A17B31A4700DBD505 /* ORDATests.m */ = {isa = PBXFileReference; lastKnownFileType = sourcecode.c.objc; path = ORDATests.m; sourceTree = "<group>"; };
		4290EF7218498C4400C67769 /* TypeExtensions.framework */ = {isa = PBXFileReference; lastKnownFileType = wrapper.framework; name = TypeExtensions.framework; path = "../~/DerivedData/Build/Products/Debug/TypeExtensions.framework"; sourceTree = "<group>"; };
		42A34E4217D424CA0093B85C /* ORDAMySQLConsts.h */ = {isa = PBXFileReference; fileEncoding = 4; lastKnownFileType = sourcecode.c.h; path = ORDAMySQLConsts.h; sourceTree = "<group>"; };
		42A34E4317D424CA0093B85C /* ORDAMySQLDriver.h */ = {isa = PBXFileReference; fileEncoding = 4; lastKnownFileType = sourcecode.c.h; path = ORDAMySQLDriver.h; sourceTree = "<group>"; };
		42A34E4417D424CA0093B85C /* ORDAMySQLDriver.m */ = {isa = PBXFileReference; fileEncoding = 4; lastKnownFileType = sourcecode.c.objc; path = ORDAMySQLDriver.m; sourceTree = "<group>"; };
		42A34E4517D424CA0093B85C /* ORDAMySQLErrorResult.h */ = {isa = PBXFileReference; fileEncoding = 4; lastKnownFileType = sourcecode.c.h; path = ORDAMySQLErrorResult.h; sourceTree = "<group>"; };
		42A34E4617D424CA0093B85C /* ORDAMySQLErrorResult.m */ = {isa = PBXFileReference; fileEncoding = 4; lastKnownFileType = sourcecode.c.objc; path = ORDAMySQLErrorResult.m; sourceTree = "<group>"; };
		42A34E4717D424CA0093B85C /* ORDAMySQLGovernor.h */ = {isa = PBXFileReference; fileEncoding = 4; lastKnownFileType = sourcecode.c.h; path = ORDAMySQLGovernor.h; sourceTree = "<group>"; };
		42A34E4817D424CA0093B85C /* ORDAMySQLGovernor.m */ = {isa = PBXFileReference; fileEncoding = 4; lastKnownFileType = sourcecode.c.objc; path = ORDAMySQLGovernor.m; sourceTree = "<group>"; };
		42A34E4917D424CA0093B85C /* ORDAMySQLStatement.h */ = {isa = PBXFileReference; fileEncoding = 4; lastKnownFileType = sourcecode.c.h; path = ORDAMySQLStatement.h; sourceTree = "<group>"; };
		42A34E4A17D424CA0093B85C /* ORDAMySQLStatement.m */ = {isa = PBXFileReference; fileEncoding = 4; lastKnownFileType = sourcecode.c.objc; path = ORDAMySQLStatement.m; sourceTree = "<group>"; };
		42A34E5417D427000093B85C /* ORDAMySQLTable.h */ = {isa = PBXFileReference; fileEncoding = 4; lastKnownFileType = sourcecode.c.h; path = ORDAMySQLTable.h; sourceTree = "<group>"; };
		42A34E5517D427000093B85C /* ORDAMySQLTable.m */ = {isa = PBXFileReference; fileEncoding = 4; lastKnownFileType = sourcecode.c.objc; path = ORDAMySQLTable.m; sourceTree = "<group>"; };
		42A34E5817D451090093B85C /* ORDAMySQLTableResultEntry.h */ = {isa = PBXFileReference; fileEncoding = 4; lastKnownFileType = sourcecode.c.h; path = ORDAMySQLTableResultEntry.h; sourceTree = "<group>"; };
		42A34E5917D451090093B85C /* ORDAMySQLTableResultEntry.m */ = {isa = PBXFileReference; fileEncoding = 4; lastKnownFileType = sourcecode.c.objc; path = ORDAMySQLTableResultEntry.m; sourceTree = "<group>"; };
		42A34E5D17D4556D0093B85C /* libmysqlclient.18.dylib */ = {isa = PBXFileReference; lastKnownFileType = "compiled.mach-o.dylib"; path = libmysqlclient.18.dylib; sourceTree = "<group>"; };
		42B00AE417C337D9000B13E7 /* Foundation.framework */ = {isa = PBXFileReference; lastKnownFileType = wrapper.framework; name = Foundation.framework; path = System/Library/Frameworks/Foundation.framework; sourceTree = SDKROOT; };
		42B00AF517C3402F000B13E7 /* Chinook_Sqlite.sqlite */ = {isa = PBXFileReference; lastKnownFileType = file; path = Chinook_Sqlite.sqlite; sourceTree = "<group>"; };
		42B00BD217C66C72000B13E7 /* ORDASQLite.framework */ = {isa = PBXFileReference; explicitFileType = wrapper.framework; includeInIndex = 0; path = ORDASQLite.framework; sourceTree = BUILT_PRODUCTS_DIR; };
		42B00BD617C66C72000B13E7 /* ORDASQLite-Info.plist */ = {isa = PBXFileReference; lastKnownFileType = text.plist.xml; path = "ORDASQLite-Info.plist"; sourceTree = "<group>"; };
		42B00BD817C66C72000B13E7 /* en */ = {isa = PBXFileReference; lastKnownFileType = text.plist.strings; name = en; path = en.lproj/InfoPlist.strings; sourceTree = "<group>"; };
		42B00BDA17C66C72000B13E7 /* ORDASQLite-Prefix.pch */ = {isa = PBXFileReference; lastKnownFileType = sourcecode.c.h; path = "ORDASQLite-Prefix.pch"; sourceTree = "<group>"; };
		42B00BDB17C66C72000B13E7 /* CocoaSQLite.h */ = {isa = PBXFileReference; lastKnownFileType = sourcecode.c.h; path = CocoaSQLite.h; sourceTree = "<group>"; };
		42B00BDC17C66C72000B13E7 /* CocoaSQLite.m */ = {isa = PBXFileReference; lastKnownFileType = sourcecode.c.objc; path = CocoaSQLite.m; sourceTree = "<group>"; };
		42B00BE717C66CD9000B13E7 /* ORDASQLiteConsts.h */ = {isa = PBXFileReference; fileEncoding = 4; lastKnownFileType = sourcecode.c.h; path = ORDASQLiteConsts.h; sourceTree = "<group>"; };
		42B00BE817C66CD9000B13E7 /* ORDASQLiteDriver.h */ = {isa = PBXFileReference; fileEncoding = 4; lastKnownFileType = sourcecode.c.h; path = ORDASQLiteDriver.h; sourceTree = "<group>"; };
		42B00BE917C66CD9000B13E7 /* ORDASQLiteDriver.m */ = {isa = PBXFileReference; fileEncoding = 4; lastKnownFileType = sourcecode.c.objc; path = ORDASQLiteDriver.m; sourceTree = "<group>"; };
		42B00BEA17C66CD9000B13E7 /* ORDASQLiteErrorResult.h */ = {isa = PBXFileReference; fileEncoding = 4; lastKnownFileType = sourcecode.c.h; path = ORDASQLiteErrorResult.h; sourceTree = "<group>"; };
		42B00BEB17C66CD9000B13E7 /* ORDASQLiteErrorResult.m */ = {isa = PBXFileReference; fileEncoding = 4; lastKnownFileType = sourcecode.c.objc; path = ORDASQLiteErrorResult.m; sourceTree = "<group>"; };
		42B00BEC17C66CD9000B13E7 /* ORDASQLiteGovernor.h */ = {isa = PBXFileReference; fileEncoding = 4; lastKnownFileType = sourcecode.c.h; path = ORDASQLiteGovernor.h; sourceTree = "<group>"; };
		42B00BED17C66CD9000B13E7 /* ORDASQLiteGovernor.m */ = {isa = PBXFileReference; fileEncoding = 4; lastKnownFileType = sourcecode.c.objc; path = ORDASQLiteGovernor.m; sourceTree = "<group>"; };
		42B00BEE17C66CD9000B13E7 /* ORDASQLiteStatement.h */ = {isa = PBXFileReference; fileEncoding = 4; lastKnownFileType = sourcecode.c.h; path = ORDASQLiteStatement.h; sourceTree = "<group>"; };
		42B00BEF17C66CD9000B13E7 /* ORDASQLiteStatement.m */ = {isa = PBXFileReference; fileEncoding = 4; lastKnownFileType = sourcecode.c.objc; path = ORDASQLiteStatement.m; sourceTree = "<group>"; };
		42B00BFC17C66D38000B13E7 /* libsqlite3.0.dylib */ = {isa = PBXFileReference; lastKnownFileType = "compiled.mach-o.dylib"; name = libsqlite3.0.dylib; path = usr/lib/libsqlite3.0.dylib; sourceTree = SDKROOT; };
		42B00C2D17C6C54D000B13E7 /* README.md */ = {isa = PBXFileReference; fileEncoding = 4; lastKnownFileType = text; path = README.md; sourceTree = "<group>"; };
		42B00C3417C6C669000B13E7 /* LICENSE */ = {isa = PBXFileReference; fileEncoding = 4; lastKnownFileType = text; path = LICENSE; sourceTree = "<group>"; };
		42EC295D1840476A00AA5BDA /* XCTest.framework */ = {isa = PBXFileReference; lastKnownFileType = wrapper.framework; name = XCTest.framework; path = Library/Frameworks/XCTest.framework; sourceTree = DEVELOPER_DIR; };
/* End PBXFileReference section */

/* Begin PBXFrameworksBuildPhase section */
		42105FE717CFFA4E00FC92BB /* Frameworks */ = {
			isa = PBXFrameworksBuildPhase;
			buildActionMask = 2147483647;
			files = (
				42A34E5F17D4557A0093B85C /* ORDA.framework in Frameworks */,
				42105FEC17CFFA4E00FC92BB /* Cocoa.framework in Frameworks */,
				4290EF7618498C5B00C67769 /* TypeExtensions.framework in Frameworks */,
				42A34E5E17D4556D0093B85C /* libmysqlclient.18.dylib in Frameworks */,
			);
			runOnlyForDeploymentPostprocessing = 0;
		};
		428D03C3184987CE00303ED4 /* Frameworks */ = {
			isa = PBXFrameworksBuildPhase;
			buildActionMask = 2147483647;
			files = (
				428D03C5184987CE00303ED4 /* Cocoa.framework in Frameworks */,
				4290EF7418498C5100C67769 /* TypeExtensions.framework in Frameworks */,
			);
			runOnlyForDeploymentPostprocessing = 0;
		};
		42909B6017B31A4700DBD505 /* Frameworks */ = {
			isa = PBXFrameworksBuildPhase;
			buildActionMask = 2147483647;
			files = (
				4290EF7318498C4400C67769 /* TypeExtensions.framework in Frameworks */,
				42909B6817B31A4700DBD505 /* Cocoa.framework in Frameworks */,
			);
			runOnlyForDeploymentPostprocessing = 0;
		};
		42909B7817B31A4700DBD505 /* Frameworks */ = {
			isa = PBXFrameworksBuildPhase;
			buildActionMask = 2147483647;
			files = (
				42EC295E1840476A00AA5BDA /* XCTest.framework in Frameworks */,
				42B00C1C17C6BA6E000B13E7 /* libsqlite3.0.dylib in Frameworks */,
				42B00C1B17C6BA66000B13E7 /* ORDASQLite.framework in Frameworks */,
				42909B7F17B31A4700DBD505 /* Cocoa.framework in Frameworks */,
				42909B8217B31A4700DBD505 /* ORDA.framework in Frameworks */,
			);
			runOnlyForDeploymentPostprocessing = 0;
		};
		42B00BCE17C66C72000B13E7 /* Frameworks */ = {
			isa = PBXFrameworksBuildPhase;
			buildActionMask = 2147483647;
			files = (
				42B00BFA17C66D1C000B13E7 /* ORDA.framework in Frameworks */,
				42B00BD317C66C72000B13E7 /* Cocoa.framework in Frameworks */,
				4290EF7518498C5A00C67769 /* TypeExtensions.framework in Frameworks */,
			);
			runOnlyForDeploymentPostprocessing = 0;
		};
/* End PBXFrameworksBuildPhase section */

/* Begin PBXGroup section */
		42105FED17CFFA4E00FC92BB /* ORDAMySQL */ = {
			isa = PBXGroup;
			children = (
				42A34E4217D424CA0093B85C /* ORDAMySQLConsts.h */,
				42105FF417CFFA4E00FC92BB /* ORDAMySQL.h */,
				42105FF517CFFA4E00FC92BB /* ORDAMySQL.m */,
				42A34E4317D424CA0093B85C /* ORDAMySQLDriver.h */,
				42A34E4417D424CA0093B85C /* ORDAMySQLDriver.m */,
				42A34E4517D424CA0093B85C /* ORDAMySQLErrorResult.h */,
				42A34E4617D424CA0093B85C /* ORDAMySQLErrorResult.m */,
				42A34E4717D424CA0093B85C /* ORDAMySQLGovernor.h */,
				42A34E4817D424CA0093B85C /* ORDAMySQLGovernor.m */,
				42A34E4917D424CA0093B85C /* ORDAMySQLStatement.h */,
				42A34E4A17D424CA0093B85C /* ORDAMySQLStatement.m */,
				42A34E5417D427000093B85C /* ORDAMySQLTable.h */,
				42A34E5517D427000093B85C /* ORDAMySQLTable.m */,
				42A34E5817D451090093B85C /* ORDAMySQLTableResultEntry.h */,
				42A34E5917D451090093B85C /* ORDAMySQLTableResultEntry.m */,
				42105FEE17CFFA4E00FC92BB /* Supporting Files */,
			);
			path = ORDAMySQL;
			sourceTree = "<group>";
		};
		42105FEE17CFFA4E00FC92BB /* Supporting Files */ = {
			isa = PBXGroup;
			children = (
				42A34E5D17D4556D0093B85C /* libmysqlclient.18.dylib */,
				42105FEF17CFFA4E00FC92BB /* ORDAMySQL-Info.plist */,
				42105FF017CFFA4E00FC92BB /* InfoPlist.strings */,
				42105FF317CFFA4E00FC92BB /* ORDAMySQL-Prefix.pch */,
			);
			name = "Supporting Files";
			sourceTree = "<group>";
		};
		42909B5A17B31A4700DBD505 = {
			isa = PBXGroup;
			children = (
				42B00C3417C6C669000B13E7 /* LICENSE */,
				42B00C2D17C6C54D000B13E7 /* README.md */,
				42909B6D17B31A4700DBD505 /* ORDA */,
				42B00BD417C66C72000B13E7 /* ORDASQLite */,
				42105FED17CFFA4E00FC92BB /* ORDAMySQL */,
				42909B8317B31A4700DBD505 /* ORDATests */,
				42F06AFE17B878A9004F2F06 /* Libraries */,
				42909B6617B31A4700DBD505 /* Frameworks */,
				42909B6517B31A4700DBD505 /* Products */,
			);
			sourceTree = "<group>";
		};
		42909B6517B31A4700DBD505 /* Products */ = {
			isa = PBXGroup;
			children = (
				42909B6417B31A4700DBD505 /* ORDA.framework */,
				42909B7C17B31A4700DBD505 /* ORDASQLiteTests.xctest */,
				42B00BD217C66C72000B13E7 /* ORDASQLite.framework */,
				42105FEB17CFFA4E00FC92BB /* ORDAMySQL.framework */,
				428D03E4184987CE00303ED4 /* ORDA-dev.framework */,
			);
			name = Products;
			sourceTree = "<group>";
		};
		42909B6617B31A4700DBD505 /* Frameworks */ = {
			isa = PBXGroup;
			children = (
				4290EF7218498C4400C67769 /* TypeExtensions.framework */,
				42EC295D1840476A00AA5BDA /* XCTest.framework */,
				42909B6717B31A4700DBD505 /* Cocoa.framework */,
				42B00AE417C337D9000B13E7 /* Foundation.framework */,
				42909B6917B31A4700DBD505 /* Other Frameworks */,
			);
			name = Frameworks;
			sourceTree = "<group>";
		};
		42909B6917B31A4700DBD505 /* Other Frameworks */ = {
			isa = PBXGroup;
			children = (
				42909B6A17B31A4700DBD505 /* AppKit.framework */,
				42909B6B17B31A4700DBD505 /* CoreData.framework */,
				42909B6C17B31A4700DBD505 /* Foundation.framework */,
			);
			name = "Other Frameworks";
			sourceTree = "<group>";
		};
		42909B6D17B31A4700DBD505 /* ORDA */ = {
			isa = PBXGroup;
			children = (
				42909B7417B31A4700DBD505 /* ORDA.h */,
				424B2E7217C71CF1000B354E /* ORDA+Private.h */,
				42909B7517B31A4700DBD505 /* ORDA.m */,
				42F06AF017B87810004F2F06 /* Specification */,
				42F06AAC17B84ADC004F2F06 /* Implementation */,
				42909B6E17B31A4700DBD505 /* Supporting Files */,
			);
			path = ORDA;
			sourceTree = "<group>";
		};
		42909B6E17B31A4700DBD505 /* Supporting Files */ = {
			isa = PBXGroup;
			children = (
				42B00AF517C3402F000B13E7 /* Chinook_Sqlite.sqlite */,
				42909B6F17B31A4700DBD505 /* ORDA-Info.plist */,
				42909B7017B31A4700DBD505 /* InfoPlist.strings */,
				42909B7317B31A4700DBD505 /* ORDA-Prefix.pch */,
			);
			name = "Supporting Files";
			sourceTree = "<group>";
		};
		42909B8317B31A4700DBD505 /* ORDATests */ = {
			isa = PBXGroup;
			children = (
				42909B8917B31A4700DBD505 /* ORDATests.h */,
				42909B8A17B31A4700DBD505 /* ORDATests.m */,
				42909B8417B31A4700DBD505 /* Supporting Files */,
			);
			path = ORDATests;
			sourceTree = "<group>";
		};
		42909B8417B31A4700DBD505 /* Supporting Files */ = {
			isa = PBXGroup;
			children = (
				42909B8517B31A4700DBD505 /* ORDATests-Info.plist */,
				42909B8617B31A4700DBD505 /* InfoPlist.strings */,
			);
			name = "Supporting Files";
			sourceTree = "<group>";
		};
		42B00BD417C66C72000B13E7 /* ORDASQLite */ = {
			isa = PBXGroup;
			children = (
				42105FE217CFF98B00FC92BB /* sqlite3.h */,
				42105FE117CFF98B00FC92BB /* sqlite3.c */,
				42B00BE717C66CD9000B13E7 /* ORDASQLiteConsts.h */,
				42B00BDB17C66C72000B13E7 /* CocoaSQLite.h */,
				42B00BDC17C66C72000B13E7 /* CocoaSQLite.m */,
				42B00BE817C66CD9000B13E7 /* ORDASQLiteDriver.h */,
				42B00BE917C66CD9000B13E7 /* ORDASQLiteDriver.m */,
				42B00BEA17C66CD9000B13E7 /* ORDASQLiteErrorResult.h */,
				42B00BEB17C66CD9000B13E7 /* ORDASQLiteErrorResult.m */,
				42B00BEC17C66CD9000B13E7 /* ORDASQLiteGovernor.h */,
				42B00BED17C66CD9000B13E7 /* ORDASQLiteGovernor.m */,
				42B00BEE17C66CD9000B13E7 /* ORDASQLiteStatement.h */,
				42B00BEF17C66CD9000B13E7 /* ORDASQLiteStatement.m */,
				42719C8417C9A3F4007AAB83 /* ORDASQLiteTable.h */,
				42719C8517C9A3F4007AAB83 /* ORDASQLiteTable.m */,
				42719C8817C9BC4F007AAB83 /* ORDASQLiteTableResultEntry.h */,
				42719C8917C9BC4F007AAB83 /* ORDASQLiteTableResultEntry.m */,
				428D03871849659800303ED4 /* ORDASQLiteTableView.h */,
				428D03881849659800303ED4 /* ORDASQLiteTableView.m */,
				42B00BD517C66C72000B13E7 /* Supporting Files */,
			);
			path = ORDASQLite;
			sourceTree = "<group>";
		};
		42B00BD517C66C72000B13E7 /* Supporting Files */ = {
			isa = PBXGroup;
			children = (
				42B00BD617C66C72000B13E7 /* ORDASQLite-Info.plist */,
				42B00BD717C66C72000B13E7 /* InfoPlist.strings */,
				42B00BDA17C66C72000B13E7 /* ORDASQLite-Prefix.pch */,
			);
			name = "Supporting Files";
			sourceTree = "<group>";
		};
		42F06AAC17B84ADC004F2F06 /* Implementation */ = {
			isa = PBXGroup;
			children = (
				428D036318495FC500303ED4 /* ORDADriverResult.h */,
				428D036418495FC500303ED4 /* ORDADriverResult.m */,
				428D036518495FC500303ED4 /* ORDAErrorResult.h */,
				428D036618495FC500303ED4 /* ORDAErrorResult.m */,
				428D036718495FC500303ED4 /* ORDAGovernorImpl.h */,
				428D036818495FC500303ED4 /* ORDAGovernorImpl.m */,
				428D036918495FC500303ED4 /* ORDAResultImpl.h */,
				428D036A18495FC500303ED4 /* ORDAResultImpl.m */,
				428D036B18495FC500303ED4 /* ORDAStatementImpl.h */,
				428D036C18495FC500303ED4 /* ORDAStatementImpl.m */,
				428D036D18495FC500303ED4 /* ORDAStatementResultImpl.h */,
				428D036E18495FC500303ED4 /* ORDAStatementResultImpl.m */,
				428D036F18495FC500303ED4 /* ORDATableImpl.h */,
				428D037018495FC500303ED4 /* ORDATableImpl.m */,
				428D037118495FC500303ED4 /* ORDATableResultImpl.h */,
				428D037218495FC500303ED4 /* ORDATableResultImpl.m */,
				428D03831849606900303ED4 /* ORDATableViewImpl.h */,
				428D03841849606900303ED4 /* ORDATableViewImpl.m */,
			);
			path = Implementation;
			sourceTree = "<group>";
		};
		42F06AF017B87810004F2F06 /* Specification */ = {
			isa = PBXGroup;
			children = (
				428D035118495FB500303ED4 /* ORDADriver.h */,
				428D035218495FB500303ED4 /* ORDAGovernor.h */,
				428D035318495FB500303ED4 /* ORDAResult.h */,
				428D035418495FB500303ED4 /* ORDAResultConsts.h */,
				428D035518495FB500303ED4 /* ORDAStatement.h */,
				428D035618495FB500303ED4 /* ORDAStatementResult.h */,
				428D035718495FB500303ED4 /* ORDATable.h */,
				428D035818495FB500303ED4 /* ORDATableResult.h */,
				428D035918495FB500303ED4 /* ORDATableView.h */,
			);
			path = Specification;
			sourceTree = "<group>";
		};
		42F06AFE17B878A9004F2F06 /* Libraries */ = {
			isa = PBXGroup;
			children = (
				42B00BFC17C66D38000B13E7 /* libsqlite3.0.dylib */,
			);
			name = Libraries;
			sourceTree = "<group>";
		};
/* End PBXGroup section */

/* Begin PBXHeadersBuildPhase section */
		42105FE817CFFA4E00FC92BB /* Headers */ = {
			isa = PBXHeadersBuildPhase;
			buildActionMask = 2147483647;
			files = (
				42A34E4B17D424CA0093B85C /* ORDAMySQLConsts.h in Headers */,
				42A34E4C17D424CA0093B85C /* ORDAMySQLDriver.h in Headers */,
				42A34E4E17D424CA0093B85C /* ORDAMySQLErrorResult.h in Headers */,
				42A34E5017D424CA0093B85C /* ORDAMySQLGovernor.h in Headers */,
				42A34E5217D424CA0093B85C /* ORDAMySQLStatement.h in Headers */,
				42A34E5617D427000093B85C /* ORDAMySQLTable.h in Headers */,
				42A34E5A17D451090093B85C /* ORDAMySQLTableResultEntry.h in Headers */,
			);
			runOnlyForDeploymentPostprocessing = 0;
		};
		428D03C6184987CE00303ED4 /* Headers */ = {
			isa = PBXHeadersBuildPhase;
			buildActionMask = 2147483647;
			files = (
				428D03C7184987CE00303ED4 /* ORDA.h in Headers */,
				428D03D1184987CE00303ED4 /* ORDA+Private.h in Headers */,
				428D03C8184987CE00303ED4 /* ORDADriver.h in Headers */,
				428D03C9184987CE00303ED4 /* ORDAGovernor.h in Headers */,
				428D03CA184987CE00303ED4 /* ORDAResult.h in Headers */,
				428D03CB184987CE00303ED4 /* ORDAResultConsts.h in Headers */,
				428D03CC184987CE00303ED4 /* ORDAStatement.h in Headers */,
				428D03CD184987CE00303ED4 /* ORDAStatementResult.h in Headers */,
				428D03CE184987CE00303ED4 /* ORDATable.h in Headers */,
				428D03CF184987CE00303ED4 /* ORDATableResult.h in Headers */,
				428D03D0184987CE00303ED4 /* ORDATableView.h in Headers */,
				428D03D2184987CE00303ED4 /* ORDAResultImpl.h in Headers */,
				428D03D3184987CE00303ED4 /* ORDATableResultImpl.h in Headers */,
				428D03D4184987CE00303ED4 /* ORDAStatementImpl.h in Headers */,
				428D03D5184987CE00303ED4 /* ORDATableViewImpl.h in Headers */,
				428D03D6184987CE00303ED4 /* ORDATableImpl.h in Headers */,
				428D03D7184987CE00303ED4 /* ORDAGovernorImpl.h in Headers */,
				428D03D8184987CE00303ED4 /* ORDADriverResult.h in Headers */,
				428D03D9184987CE00303ED4 /* ORDAStatementResultImpl.h in Headers */,
				428D03DA184987CE00303ED4 /* ORDAErrorResult.h in Headers */,
			);
			runOnlyForDeploymentPostprocessing = 0;
		};
		42909B6117B31A4700DBD505 /* Headers */ = {
			isa = PBXHeadersBuildPhase;
			buildActionMask = 2147483647;
			files = (
				42F06AFB17B87872004F2F06 /* ORDA.h in Headers */,
				428D035A18495FB500303ED4 /* ORDADriver.h in Headers */,
				428D035B18495FB500303ED4 /* ORDAGovernor.h in Headers */,
				428D035C18495FB500303ED4 /* ORDAResult.h in Headers */,
				428D035D18495FB500303ED4 /* ORDAResultConsts.h in Headers */,
				428D035E18495FB500303ED4 /* ORDAStatement.h in Headers */,
				428D035F18495FB500303ED4 /* ORDAStatementResult.h in Headers */,
				428D036018495FB500303ED4 /* ORDATable.h in Headers */,
				428D036118495FB500303ED4 /* ORDATableResult.h in Headers */,
				428D036218495FB500303ED4 /* ORDATableView.h in Headers */,
				428D038B1849860F00303ED4 /* ORDA+Private.h in Headers */,
				428D037918495FC500303ED4 /* ORDAResultImpl.h in Headers */,
				428D038118495FC500303ED4 /* ORDATableResultImpl.h in Headers */,
				428D037B18495FC500303ED4 /* ORDAStatementImpl.h in Headers */,
				428D03851849606900303ED4 /* ORDATableViewImpl.h in Headers */,
				428D037F18495FC500303ED4 /* ORDATableImpl.h in Headers */,
				428D037718495FC500303ED4 /* ORDAGovernorImpl.h in Headers */,
				428D037318495FC500303ED4 /* ORDADriverResult.h in Headers */,
				428D037D18495FC500303ED4 /* ORDAStatementResultImpl.h in Headers */,
				428D037518495FC500303ED4 /* ORDAErrorResult.h in Headers */,
			);
			runOnlyForDeploymentPostprocessing = 0;
		};
		42B00BCF17C66C72000B13E7 /* Headers */ = {
			isa = PBXHeadersBuildPhase;
			buildActionMask = 2147483647;
			files = (
				428D03891849659800303ED4 /* ORDASQLiteTableView.h in Headers */,
				42B00BF017C66CD9000B13E7 /* ORDASQLiteConsts.h in Headers */,
				42B00BF917C66CF5000B13E7 /* CocoaSQLite.h in Headers */,
				42B00BF117C66CD9000B13E7 /* ORDASQLiteDriver.h in Headers */,
				42B00BF317C66CD9000B13E7 /* ORDASQLiteErrorResult.h in Headers */,
				42B00BF517C66CD9000B13E7 /* ORDASQLiteGovernor.h in Headers */,
				42B00BF717C66CD9000B13E7 /* ORDASQLiteStatement.h in Headers */,
				42719C8617C9A3F4007AAB83 /* ORDASQLiteTable.h in Headers */,
				42719C8A17C9BC4F007AAB83 /* ORDASQLiteTableResultEntry.h in Headers */,
				42105FE417CFF98B00FC92BB /* sqlite3.h in Headers */,
			);
			runOnlyForDeploymentPostprocessing = 0;
		};
/* End PBXHeadersBuildPhase section */

/* Begin PBXNativeTarget section */
		42105FEA17CFFA4E00FC92BB /* ORDAMySQL */ = {
			isa = PBXNativeTarget;
			buildConfigurationList = 42105FF717CFFA4E00FC92BB /* Build configuration list for PBXNativeTarget "ORDAMySQL" */;
			buildPhases = (
				42105FE617CFFA4E00FC92BB /* Sources */,
				42105FE717CFFA4E00FC92BB /* Frameworks */,
				42105FE817CFFA4E00FC92BB /* Headers */,
				42105FE917CFFA4E00FC92BB /* Resources */,
			);
			buildRules = (
			);
			dependencies = (
				42A34E6117D455810093B85C /* PBXTargetDependency */,
			);
			name = ORDAMySQL;
			productName = ORDAMySQL;
			productReference = 42105FEB17CFFA4E00FC92BB /* ORDAMySQL.framework */;
			productType = "com.apple.product-type.framework";
		};
		428D03B7184987CE00303ED4 /* ORDA-dev */ = {
			isa = PBXNativeTarget;
			buildConfigurationList = 428D03E1184987CE00303ED4 /* Build configuration list for PBXNativeTarget "ORDA-dev" */;
			buildPhases = (
				428D03B8184987CE00303ED4 /* Sources */,
				428D03C3184987CE00303ED4 /* Frameworks */,
				428D03C6184987CE00303ED4 /* Headers */,
				428D03DB184987CE00303ED4 /* Resources */,
			);
			buildRules = (
			);
			dependencies = (
			);
			name = "ORDA-dev";
			productName = ORDA;
			productReference = 428D03E4184987CE00303ED4 /* ORDA-dev.framework */;
			productType = "com.apple.product-type.framework";
		};
		42909B6317B31A4700DBD505 /* ORDA */ = {
			isa = PBXNativeTarget;
			buildConfigurationList = 42909B8E17B31A4700DBD505 /* Build configuration list for PBXNativeTarget "ORDA" */;
			buildPhases = (
				42909B5F17B31A4700DBD505 /* Sources */,
				42909B6017B31A4700DBD505 /* Frameworks */,
				42909B6117B31A4700DBD505 /* Headers */,
				42909B6217B31A4700DBD505 /* Resources */,
			);
			buildRules = (
			);
			dependencies = (
			);
			name = ORDA;
			productName = ORDA;
			productReference = 42909B6417B31A4700DBD505 /* ORDA.framework */;
			productType = "com.apple.product-type.framework";
		};
		42909B7B17B31A4700DBD505 /* ORDASQLiteTests */ = {
			isa = PBXNativeTarget;
			buildConfigurationList = 42909B9117B31A4700DBD505 /* Build configuration list for PBXNativeTarget "ORDASQLiteTests" */;
			buildPhases = (
				42909B7717B31A4700DBD505 /* Sources */,
				42909B7817B31A4700DBD505 /* Frameworks */,
				42909B7917B31A4700DBD505 /* Resources */,
				42B00ADD17C33768000B13E7 /* CopyFiles */,
				42909B7A17B31A4700DBD505 /* ShellScript */,
			);
			buildRules = (
			);
			dependencies = (
				42B00C2A17C6C3AC000B13E7 /* PBXTargetDependency */,
			);
			name = ORDASQLiteTests;
			productName = ORDATests;
			productReference = 42909B7C17B31A4700DBD505 /* ORDASQLiteTests.xctest */;
			productType = "com.apple.product-type.bundle.unit-test";
		};
		42B00BD117C66C72000B13E7 /* ORDASQLite */ = {
			isa = PBXNativeTarget;
			buildConfigurationList = 42B00BDE17C66C72000B13E7 /* Build configuration list for PBXNativeTarget "ORDASQLite" */;
			buildPhases = (
				42B00BCD17C66C72000B13E7 /* Sources */,
				42B00BCE17C66C72000B13E7 /* Frameworks */,
				42B00BCF17C66C72000B13E7 /* Headers */,
				42B00BD017C66C72000B13E7 /* Resources */,
			);
			buildRules = (
			);
			dependencies = (
				42B00C2817C6C3A7000B13E7 /* PBXTargetDependency */,
			);
			name = ORDASQLite;
			productName = ORDASQLite;
			productReference = 42B00BD217C66C72000B13E7 /* ORDASQLite.framework */;
			productType = "com.apple.product-type.framework";
		};
/* End PBXNativeTarget section */

/* Begin PBXProject section */
		42909B5B17B31A4700DBD505 /* Project object */ = {
			isa = PBXProject;
			attributes = {
				LastUpgradeCheck = 0500;
				ORGANIZATIONNAME = "Firelizzard Inventions";
				TargetAttributes = {
					42909B7B17B31A4700DBD505 = {
						TestTargetID = 42909B6317B31A4700DBD505;
					};
				};
			};
			buildConfigurationList = 42909B5E17B31A4700DBD505 /* Build configuration list for PBXProject "ORDA" */;
			compatibilityVersion = "Xcode 3.2";
			developmentRegion = English;
			hasScannedForEncodings = 0;
			knownRegions = (
				en,
			);
			mainGroup = 42909B5A17B31A4700DBD505;
			productRefGroup = 42909B6517B31A4700DBD505 /* Products */;
			projectDirPath = "";
			projectRoot = "";
			targets = (
				42909B6317B31A4700DBD505 /* ORDA */,
				428D03B7184987CE00303ED4 /* ORDA-dev */,
				42B00BD117C66C72000B13E7 /* ORDASQLite */,
				42909B7B17B31A4700DBD505 /* ORDASQLiteTests */,
				42105FEA17CFFA4E00FC92BB /* ORDAMySQL */,
			);
		};
/* End PBXProject section */

/* Begin PBXResourcesBuildPhase section */
		42105FE917CFFA4E00FC92BB /* Resources */ = {
			isa = PBXResourcesBuildPhase;
			buildActionMask = 2147483647;
			files = (
				42105FF217CFFA4E00FC92BB /* InfoPlist.strings in Resources */,
			);
			runOnlyForDeploymentPostprocessing = 0;
		};
		428D03DB184987CE00303ED4 /* Resources */ = {
			isa = PBXResourcesBuildPhase;
			buildActionMask = 2147483647;
			files = (
				428D03DC184987CE00303ED4 /* README.md in Resources */,
				428D03DD184987CE00303ED4 /* InfoPlist.strings in Resources */,
				428D03DE184987CE00303ED4 /* Chinook_Sqlite.sqlite in Resources */,
				428D03DF184987CE00303ED4 /* LICENSE in Resources */,
			);
			runOnlyForDeploymentPostprocessing = 0;
		};
		42909B6217B31A4700DBD505 /* Resources */ = {
			isa = PBXResourcesBuildPhase;
			buildActionMask = 2147483647;
			files = (
				42B00C3317C6C65D000B13E7 /* README.md in Resources */,
				42909B7217B31A4700DBD505 /* InfoPlist.strings in Resources */,
				42B00AF617C3402F000B13E7 /* Chinook_Sqlite.sqlite in Resources */,
				42B00C3517C6C66A000B13E7 /* LICENSE in Resources */,
			);
			runOnlyForDeploymentPostprocessing = 0;
		};
		42909B7917B31A4700DBD505 /* Resources */ = {
			isa = PBXResourcesBuildPhase;
			buildActionMask = 2147483647;
			files = (
				42909B8817B31A4700DBD505 /* InfoPlist.strings in Resources */,
			);
			runOnlyForDeploymentPostprocessing = 0;
		};
		42B00BD017C66C72000B13E7 /* Resources */ = {
			isa = PBXResourcesBuildPhase;
			buildActionMask = 2147483647;
			files = (
				42B00BD917C66C72000B13E7 /* InfoPlist.strings in Resources */,
				42B00C3617C6C66A000B13E7 /* LICENSE in Resources */,
			);
			runOnlyForDeploymentPostprocessing = 0;
		};
/* End PBXResourcesBuildPhase section */

/* Begin PBXShellScriptBuildPhase section */
		42909B7A17B31A4700DBD505 /* ShellScript */ = {
			isa = PBXShellScriptBuildPhase;
			buildActionMask = 2147483647;
			files = (
			);
			inputPaths = (
			);
			outputPaths = (
			);
			runOnlyForDeploymentPostprocessing = 0;
			shellPath = /bin/sh;
			shellScript = "# Run the unit tests in this test bundle.\n\"${SYSTEM_DEVELOPER_DIR}/Tools/RunUnitTests\"\n";
		};
/* End PBXShellScriptBuildPhase section */

/* Begin PBXSourcesBuildPhase section */
		42105FE617CFFA4E00FC92BB /* Sources */ = {
			isa = PBXSourcesBuildPhase;
			buildActionMask = 2147483647;
			files = (
				42105FF617CFFA4E00FC92BB /* ORDAMySQL.m in Sources */,
				42A34E4D17D424CA0093B85C /* ORDAMySQLDriver.m in Sources */,
				42A34E4F17D424CA0093B85C /* ORDAMySQLErrorResult.m in Sources */,
				42A34E5117D424CA0093B85C /* ORDAMySQLGovernor.m in Sources */,
				42A34E5317D424CA0093B85C /* ORDAMySQLStatement.m in Sources */,
				42A34E5717D427000093B85C /* ORDAMySQLTable.m in Sources */,
				42A34E5B17D451090093B85C /* ORDAMySQLTableResultEntry.m in Sources */,
			);
			runOnlyForDeploymentPostprocessing = 0;
		};
		428D03B8184987CE00303ED4 /* Sources */ = {
			isa = PBXSourcesBuildPhase;
			buildActionMask = 2147483647;
			files = (
				428D03B9184987CE00303ED4 /* ORDADriverResult.m in Sources */,
				428D03BA184987CE00303ED4 /* ORDAErrorResult.m in Sources */,
				428D03BB184987CE00303ED4 /* ORDATableResultImpl.m in Sources */,
				428D03BC184987CE00303ED4 /* ORDATableViewImpl.m in Sources */,
				428D03BD184987CE00303ED4 /* ORDATableImpl.m in Sources */,
				428D03BE184987CE00303ED4 /* ORDAStatementResultImpl.m in Sources */,
				428D03BF184987CE00303ED4 /* ORDA.m in Sources */,
				428D03C0184987CE00303ED4 /* ORDAStatementImpl.m in Sources */,
				428D03C1184987CE00303ED4 /* ORDAResultImpl.m in Sources */,
				428D03C2184987CE00303ED4 /* ORDAGovernorImpl.m in Sources */,
			);
			runOnlyForDeploymentPostprocessing = 0;
		};
		42909B5F17B31A4700DBD505 /* Sources */ = {
			isa = PBXSourcesBuildPhase;
			buildActionMask = 2147483647;
			files = (
				428D037418495FC500303ED4 /* ORDADriverResult.m in Sources */,
				428D037618495FC500303ED4 /* ORDAErrorResult.m in Sources */,
				428D038218495FC500303ED4 /* ORDATableResultImpl.m in Sources */,
				428D03861849606900303ED4 /* ORDATableViewImpl.m in Sources */,
				428D038018495FC500303ED4 /* ORDATableImpl.m in Sources */,
				428D037E18495FC500303ED4 /* ORDAStatementResultImpl.m in Sources */,
				42B00B2417C53A9F000B13E7 /* ORDA.m in Sources */,
				428D037C18495FC500303ED4 /* ORDAStatementImpl.m in Sources */,
				428D037A18495FC500303ED4 /* ORDAResultImpl.m in Sources */,
				428D037818495FC500303ED4 /* ORDAGovernorImpl.m in Sources */,
			);
			runOnlyForDeploymentPostprocessing = 0;
		};
		42909B7717B31A4700DBD505 /* Sources */ = {
			isa = PBXSourcesBuildPhase;
			buildActionMask = 2147483647;
			files = (
				42909B8B17B31A4700DBD505 /* ORDATests.m in Sources */,
			);
			runOnlyForDeploymentPostprocessing = 0;
		};
		42B00BCD17C66C72000B13E7 /* Sources */ = {
			isa = PBXSourcesBuildPhase;
			buildActionMask = 2147483647;
			files = (
				42B00BDD17C66C72000B13E7 /* CocoaSQLite.m in Sources */,
				42B00BF217C66CD9000B13E7 /* ORDASQLiteDriver.m in Sources */,
				42B00BF417C66CD9000B13E7 /* ORDASQLiteErrorResult.m in Sources */,
				42B00BF617C66CD9000B13E7 /* ORDASQLiteGovernor.m in Sources */,
				42B00BF817C66CD9000B13E7 /* ORDASQLiteStatement.m in Sources */,
				42719C8717C9A3F4007AAB83 /* ORDASQLiteTable.m in Sources */,
				42719C8B17C9BC4F007AAB83 /* ORDASQLiteTableResultEntry.m in Sources */,
				428D038A1849659800303ED4 /* ORDASQLiteTableView.m in Sources */,
				42105FE317CFF98B00FC92BB /* sqlite3.c in Sources */,
			);
			runOnlyForDeploymentPostprocessing = 0;
		};
/* End PBXSourcesBuildPhase section */

/* Begin PBXTargetDependency section */
		42A34E6117D455810093B85C /* PBXTargetDependency */ = {
			isa = PBXTargetDependency;
			target = 42909B6317B31A4700DBD505 /* ORDA */;
			targetProxy = 42A34E6017D455810093B85C /* PBXContainerItemProxy */;
		};
		42B00C2817C6C3A7000B13E7 /* PBXTargetDependency */ = {
			isa = PBXTargetDependency;
			target = 42909B6317B31A4700DBD505 /* ORDA */;
			targetProxy = 42B00C2717C6C3A7000B13E7 /* PBXContainerItemProxy */;
		};
		42B00C2A17C6C3AC000B13E7 /* PBXTargetDependency */ = {
			isa = PBXTargetDependency;
			target = 42B00BD117C66C72000B13E7 /* ORDASQLite */;
			targetProxy = 42B00C2917C6C3AC000B13E7 /* PBXContainerItemProxy */;
		};
/* End PBXTargetDependency section */

/* Begin PBXVariantGroup section */
		42105FF017CFFA4E00FC92BB /* InfoPlist.strings */ = {
			isa = PBXVariantGroup;
			children = (
				42105FF117CFFA4E00FC92BB /* en */,
			);
			name = InfoPlist.strings;
			sourceTree = "<group>";
		};
		42909B7017B31A4700DBD505 /* InfoPlist.strings */ = {
			isa = PBXVariantGroup;
			children = (
				42909B7117B31A4700DBD505 /* en */,
			);
			name = InfoPlist.strings;
			sourceTree = "<group>";
		};
		42909B8617B31A4700DBD505 /* InfoPlist.strings */ = {
			isa = PBXVariantGroup;
			children = (
				42909B8717B31A4700DBD505 /* en */,
			);
			name = InfoPlist.strings;
			sourceTree = "<group>";
		};
		42B00BD717C66C72000B13E7 /* InfoPlist.strings */ = {
			isa = PBXVariantGroup;
			children = (
				42B00BD817C66C72000B13E7 /* en */,
			);
			name = InfoPlist.strings;
			sourceTree = "<group>";
		};
/* End PBXVariantGroup section */

/* Begin XCBuildConfiguration section */
		42105FF817CFFA4E00FC92BB /* Debug */ = {
			isa = XCBuildConfiguration;
			buildSettings = {
				COMBINE_HIDPI_IMAGES = YES;
				DYLIB_COMPATIBILITY_VERSION = 1;
				DYLIB_CURRENT_VERSION = 1;
				FRAMEWORK_SEARCH_PATHS = (
					"$(inherited)",
					"/Users/firelizzard/Documents/Programming/~/DerivedData/Build/Products/Debug",
				);
				FRAMEWORK_VERSION = A;
				GCC_PRECOMPILE_PREFIX_HEADER = YES;
				GCC_PREFIX_HEADER = "ORDAMySQL/ORDAMySQL-Prefix.pch";
				INFOPLIST_FILE = "ORDAMySQL/ORDAMySQL-Info.plist";
				LIBRARY_SEARCH_PATHS = (
					"$(inherited)",
					"\"$(SRCROOT)/ORDAMySQL\"",
				);
				PRODUCT_NAME = "$(TARGET_NAME)";
				WRAPPER_EXTENSION = framework;
			};
			name = Debug;
		};
		42105FF917CFFA4E00FC92BB /* Release */ = {
			isa = XCBuildConfiguration;
			buildSettings = {
				COMBINE_HIDPI_IMAGES = YES;
				DYLIB_COMPATIBILITY_VERSION = 1;
				DYLIB_CURRENT_VERSION = 1;
				FRAMEWORK_SEARCH_PATHS = (
					"$(inherited)",
					"/Users/firelizzard/Documents/Programming/~/DerivedData/Build/Products/Debug",
				);
				FRAMEWORK_VERSION = A;
				GCC_PRECOMPILE_PREFIX_HEADER = YES;
				GCC_PREFIX_HEADER = "ORDAMySQL/ORDAMySQL-Prefix.pch";
				INFOPLIST_FILE = "ORDAMySQL/ORDAMySQL-Info.plist";
				LIBRARY_SEARCH_PATHS = (
					"$(inherited)",
					"\"$(SRCROOT)/ORDAMySQL\"",
				);
				PRODUCT_NAME = "$(TARGET_NAME)";
				WRAPPER_EXTENSION = framework;
			};
			name = Release;
		};
		428D03E2184987CE00303ED4 /* Debug */ = {
			isa = XCBuildConfiguration;
			buildSettings = {
				COMBINE_HIDPI_IMAGES = YES;
				DYLIB_COMPATIBILITY_VERSION = 1;
				DYLIB_CURRENT_VERSION = 1;
				FRAMEWORK_SEARCH_PATHS = (
					"$(inherited)",
					"/Users/firelizzard/Documents/Programming/~/DerivedData/Build/Products/Debug",
				);
				FRAMEWORK_VERSION = A;
				GCC_PRECOMPILE_PREFIX_HEADER = YES;
				GCC_PREFIX_HEADER = "ORDA/ORDA-Prefix.pch";
				INFOPLIST_FILE = "/Users/firelizzard/Documents/Programming/ORDA/ORDA/ORDA-Info.plist";
				PRODUCT_NAME = "ORDA-dev";
				WRAPPER_EXTENSION = framework;
			};
			name = Debug;
		};
		428D03E3184987CE00303ED4 /* Release */ = {
			isa = XCBuildConfiguration;
			buildSettings = {
				COMBINE_HIDPI_IMAGES = YES;
				DYLIB_COMPATIBILITY_VERSION = 1;
				DYLIB_CURRENT_VERSION = 1;
				FRAMEWORK_SEARCH_PATHS = (
					"$(inherited)",
					"/Users/firelizzard/Documents/Programming/~/DerivedData/Build/Products/Debug",
				);
				FRAMEWORK_VERSION = A;
				GCC_PRECOMPILE_PREFIX_HEADER = YES;
				GCC_PREFIX_HEADER = "ORDA/ORDA-Prefix.pch";
				INFOPLIST_FILE = "/Users/firelizzard/Documents/Programming/ORDA/ORDA/ORDA-Info.plist";
				PRODUCT_NAME = "ORDA-dev";
				WRAPPER_EXTENSION = framework;
			};
			name = Release;
		};
		42909B8C17B31A4700DBD505 /* Debug */ = {
			isa = XCBuildConfiguration;
			buildSettings = {
				ALWAYS_SEARCH_USER_PATHS = YES;
				CLANG_CXX_LANGUAGE_STANDARD = "gnu++0x";
				CLANG_CXX_LIBRARY = "libc++";
				CLANG_WARN_CONSTANT_CONVERSION = YES;
				CLANG_WARN_EMPTY_BODY = YES;
				CLANG_WARN_ENUM_CONVERSION = YES;
				CLANG_WARN_INT_CONVERSION = YES;
				CLANG_WARN__DUPLICATE_METHOD_MATCH = YES;
				COPY_PHASE_STRIP = NO;
				GCC_C_LANGUAGE_STANDARD = gnu99;
				GCC_DYNAMIC_NO_PIC = NO;
				GCC_ENABLE_OBJC_EXCEPTIONS = YES;
				GCC_OPTIMIZATION_LEVEL = 0;
				GCC_PREPROCESSOR_DEFINITIONS = (
					"DEBUG=1",
					"$(inherited)",
				);
				GCC_SYMBOLS_PRIVATE_EXTERN = NO;
				GCC_WARN_64_TO_32_BIT_CONVERSION = YES;
				GCC_WARN_ABOUT_RETURN_TYPE = YES;
				GCC_WARN_UNINITIALIZED_AUTOS = YES;
				GCC_WARN_UNUSED_VARIABLE = YES;
				MACOSX_DEPLOYMENT_TARGET = 10.8;
				ONLY_ACTIVE_ARCH = YES;
				OTHER_TEST_FLAGS = "";
				SDKROOT = macosx;
				TEST_RIG = "";
			};
			name = Debug;
		};
		42909B8D17B31A4700DBD505 /* Release */ = {
			isa = XCBuildConfiguration;
			buildSettings = {
				ALWAYS_SEARCH_USER_PATHS = YES;
				CLANG_CXX_LANGUAGE_STANDARD = "gnu++0x";
				CLANG_CXX_LIBRARY = "libc++";
				CLANG_WARN_CONSTANT_CONVERSION = YES;
				CLANG_WARN_EMPTY_BODY = YES;
				CLANG_WARN_ENUM_CONVERSION = YES;
				CLANG_WARN_INT_CONVERSION = YES;
				CLANG_WARN__DUPLICATE_METHOD_MATCH = YES;
				COPY_PHASE_STRIP = YES;
				DEBUG_INFORMATION_FORMAT = "dwarf-with-dsym";
				GCC_C_LANGUAGE_STANDARD = gnu99;
				GCC_ENABLE_OBJC_EXCEPTIONS = YES;
				GCC_WARN_64_TO_32_BIT_CONVERSION = YES;
				GCC_WARN_ABOUT_RETURN_TYPE = YES;
				GCC_WARN_UNINITIALIZED_AUTOS = YES;
				GCC_WARN_UNUSED_VARIABLE = YES;
				MACOSX_DEPLOYMENT_TARGET = 10.8;
				OTHER_TEST_FLAGS = "";
				SDKROOT = macosx;
				TEST_RIG = "";
			};
			name = Release;
		};
		42909B8F17B31A4700DBD505 /* Debug */ = {
			isa = XCBuildConfiguration;
			buildSettings = {
				COMBINE_HIDPI_IMAGES = YES;
				DYLIB_COMPATIBILITY_VERSION = 1;
				DYLIB_CURRENT_VERSION = 1;
				FRAMEWORK_SEARCH_PATHS = (
					"$(inherited)",
					"/Users/firelizzard/Documents/Programming/~/DerivedData/Build/Products/Debug",
				);
				FRAMEWORK_VERSION = A;
				GCC_PRECOMPILE_PREFIX_HEADER = YES;
				GCC_PREFIX_HEADER = "ORDA/ORDA-Prefix.pch";
				INFOPLIST_FILE = "ORDA/ORDA-Info.plist";
				PRODUCT_NAME = "$(TARGET_NAME)";
				WRAPPER_EXTENSION = framework;
			};
			name = Debug;
		};
		42909B9017B31A4700DBD505 /* Release */ = {
			isa = XCBuildConfiguration;
			buildSettings = {
				COMBINE_HIDPI_IMAGES = YES;
				DYLIB_COMPATIBILITY_VERSION = 1;
				DYLIB_CURRENT_VERSION = 1;
				FRAMEWORK_SEARCH_PATHS = (
					"$(inherited)",
					"/Users/firelizzard/Documents/Programming/~/DerivedData/Build/Products/Debug",
				);
				FRAMEWORK_VERSION = A;
				GCC_PRECOMPILE_PREFIX_HEADER = YES;
				GCC_PREFIX_HEADER = "ORDA/ORDA-Prefix.pch";
				INFOPLIST_FILE = "ORDA/ORDA-Info.plist";
				PRODUCT_NAME = "$(TARGET_NAME)";
				WRAPPER_EXTENSION = framework;
			};
			name = Release;
		};
		42909B9217B31A4700DBD505 /* Debug */ = {
			isa = XCBuildConfiguration;
			buildSettings = {
				BUNDLE_LOADER = "$(BUILT_PRODUCTS_DIR)/ORDA.framework/Versions/A/ORDA";
				COMBINE_HIDPI_IMAGES = YES;
				FRAMEWORK_SEARCH_PATHS = (
					"\\\"$(DEVELOPER_LIBRARY_DIR)/Frameworks\\\"",
					"\\\"$(SRCROOT)/../CORM/DerivedData/CORM/Build/Products/Debug\\\"",
					"$(inherited)",
					"$(DEVELOPER_FRAMEWORKS_DIR)",
				);
				GCC_PRECOMPILE_PREFIX_HEADER = YES;
				GCC_PREFIX_HEADER = "ORDA/ORDA-Prefix.pch";
				INFOPLIST_FILE = "ORDATests/ORDATests-Info.plist";
				LIBRARY_SEARCH_PATHS = "$(inherited)";
				PRODUCT_NAME = "$(TARGET_NAME)";
				TEST_HOST = "$(BUNDLE_LOADER)";
			};
			name = Debug;
		};
		42909B9317B31A4700DBD505 /* Release */ = {
			isa = XCBuildConfiguration;
			buildSettings = {
				BUNDLE_LOADER = "$(BUILT_PRODUCTS_DIR)/ORDA.framework/Versions/A/ORDA";
				COMBINE_HIDPI_IMAGES = YES;
				FRAMEWORK_SEARCH_PATHS = (
					"\\\"$(DEVELOPER_LIBRARY_DIR)/Frameworks\\\"",
					"\\\"$(SRCROOT)/../CORM/DerivedData/CORM/Build/Products/Debug\\\"",
					"$(inherited)",
					"$(DEVELOPER_FRAMEWORKS_DIR)",
				);
				GCC_PRECOMPILE_PREFIX_HEADER = YES;
				GCC_PREFIX_HEADER = "ORDA/ORDA-Prefix.pch";
				INFOPLIST_FILE = "ORDATests/ORDATests-Info.plist";
				LIBRARY_SEARCH_PATHS = "$(inherited)";
				PRODUCT_NAME = "$(TARGET_NAME)";
				TEST_HOST = "$(BUNDLE_LOADER)";
			};
			name = Release;
		};
		42B00BDF17C66C72000B13E7 /* Debug */ = {
			isa = XCBuildConfiguration;
			buildSettings = {
				COMBINE_HIDPI_IMAGES = YES;
				DYLIB_COMPATIBILITY_VERSION = 1;
				DYLIB_CURRENT_VERSION = 1;
				FRAMEWORK_SEARCH_PATHS = (
					"$(inherited)",
					"\\\"$(SRCROOT)/../CORM/DerivedData/CORM/Build/Products/Debug\\\"",
					"/Users/firelizzard/Documents/Programming/~/DerivedData/Build/Products/Debug",
				);
				FRAMEWORK_VERSION = A;
				GCC_PRECOMPILE_PREFIX_HEADER = YES;
				GCC_PREFIX_HEADER = "ORDASQLite/ORDASQLite-Prefix.pch";
				INFOPLIST_FILE = "ORDASQLite/ORDASQLite-Info.plist";
				PRODUCT_NAME = "$(TARGET_NAME)";
				WRAPPER_EXTENSION = framework;
			};
			name = Debug;
		};
		42B00BE017C66C72000B13E7 /* Release */ = {
			isa = XCBuildConfiguration;
			buildSettings = {
				COMBINE_HIDPI_IMAGES = YES;
				DYLIB_COMPATIBILITY_VERSION = 1;
				DYLIB_CURRENT_VERSION = 1;
				FRAMEWORK_SEARCH_PATHS = (
					"$(inherited)",
					"\\\"$(SRCROOT)/../CORM/DerivedData/CORM/Build/Products/Debug\\\"",
					"/Users/firelizzard/Documents/Programming/~/DerivedData/Build/Products/Debug",
				);
				FRAMEWORK_VERSION = A;
				GCC_PRECOMPILE_PREFIX_HEADER = YES;
				GCC_PREFIX_HEADER = "ORDASQLite/ORDASQLite-Prefix.pch";
				INFOPLIST_FILE = "ORDASQLite/ORDASQLite-Info.plist";
				PRODUCT_NAME = "$(TARGET_NAME)";
				WRAPPER_EXTENSION = framework;
			};
			name = Release;
		};
/* End XCBuildConfiguration section */

/* Begin XCConfigurationList section */
		42105FF717CFFA4E00FC92BB /* Build configuration list for PBXNativeTarget "ORDAMySQL" */ = {
			isa = XCConfigurationList;
			buildConfigurations = (
				42105FF817CFFA4E00FC92BB /* Debug */,
				42105FF917CFFA4E00FC92BB /* Release */,
			);
			defaultConfigurationIsVisible = 0;
			defaultConfigurationName = Release;
		};
		428D03E1184987CE00303ED4 /* Build configuration list for PBXNativeTarget "ORDA-dev" */ = {
			isa = XCConfigurationList;
			buildConfigurations = (
				428D03E2184987CE00303ED4 /* Debug */,
				428D03E3184987CE00303ED4 /* Release */,
			);
			defaultConfigurationIsVisible = 0;
			defaultConfigurationName = Release;
		};
		42909B5E17B31A4700DBD505 /* Build configuration list for PBXProject "ORDA" */ = {
			isa = XCConfigurationList;
			buildConfigurations = (
				42909B8C17B31A4700DBD505 /* Debug */,
				42909B8D17B31A4700DBD505 /* Release */,
			);
			defaultConfigurationIsVisible = 0;
			defaultConfigurationName = Release;
		};
		42909B8E17B31A4700DBD505 /* Build configuration list for PBXNativeTarget "ORDA" */ = {
			isa = XCConfigurationList;
			buildConfigurations = (
				42909B8F17B31A4700DBD505 /* Debug */,
				42909B9017B31A4700DBD505 /* Release */,
			);
			defaultConfigurationIsVisible = 0;
			defaultConfigurationName = Release;
		};
		42909B9117B31A4700DBD505 /* Build configuration list for PBXNativeTarget "ORDASQLiteTests" */ = {
			isa = XCConfigurationList;
			buildConfigurations = (
				42909B9217B31A4700DBD505 /* Debug */,
				42909B9317B31A4700DBD505 /* Release */,
			);
			defaultConfigurationIsVisible = 0;
			defaultConfigurationName = Release;
		};
		42B00BDE17C66C72000B13E7 /* Build configuration list for PBXNativeTarget "ORDASQLite" */ = {
			isa = XCConfigurationList;
			buildConfigurations = (
				42B00BDF17C66C72000B13E7 /* Debug */,
				42B00BE017C66C72000B13E7 /* Release */,
			);
			defaultConfigurationIsVisible = 0;
			defaultConfigurationName = Release;
		};
/* End XCConfigurationList section */
	};
	rootObject = 42909B5B17B31A4700DBD505 /* Project object */;
}
