// !$*UTF8*$!
{
	archiveVersion = 1;
	classes = {
	};
	objectVersion = 46;
	objects = {

/* Begin PBXBuildFile section */
		422D966217C2A60400A974FD /* ORDAGovernor.h in Headers */ = {isa = PBXBuildFile; fileRef = 422D965917C2A60400A974FD /* ORDAGovernor.h */; settings = {ATTRIBUTES = (Public, ); }; };
		422D966417C2A60400A974FD /* ORDAResult.h in Headers */ = {isa = PBXBuildFile; fileRef = 422D965B17C2A60400A974FD /* ORDAResult.h */; settings = {ATTRIBUTES = (Public, ); }; };
		422D966517C2A60400A974FD /* ORDAResultConsts.h in Headers */ = {isa = PBXBuildFile; fileRef = 422D965C17C2A60400A974FD /* ORDAResultConsts.h */; settings = {ATTRIBUTES = (Public, ); }; };
		422D966717C2A60400A974FD /* ORDAStatement.h in Headers */ = {isa = PBXBuildFile; fileRef = 422D965E17C2A60400A974FD /* ORDAStatement.h */; settings = {ATTRIBUTES = (Public, ); }; };
		422D966817C2A60400A974FD /* ORDAStatementResult.h in Headers */ = {isa = PBXBuildFile; fileRef = 422D965F17C2A60400A974FD /* ORDAStatementResult.h */; settings = {ATTRIBUTES = (Public, ); }; };
		4257E7AE17CAD51400ACF70C /* TypeExtensions.framework in Frameworks */ = {isa = PBXBuildFile; fileRef = 4253CD6F17CAD4B000DB39B7 /* TypeExtensions.framework */; };
		4257E7AF17CAD51A00ACF70C /* TypeExtensions.framework in Frameworks */ = {isa = PBXBuildFile; fileRef = 4253CD6F17CAD4B000DB39B7 /* TypeExtensions.framework */; };
		42719C7C17C99A3E007AAB83 /* ORDATable.h in Headers */ = {isa = PBXBuildFile; fileRef = 42719C7B17C99A32007AAB83 /* ORDATable.h */; settings = {ATTRIBUTES = (Public, ); }; };
		42719C7E17C99A54007AAB83 /* ORDATableResult.h in Headers */ = {isa = PBXBuildFile; fileRef = 42719C7D17C99A4E007AAB83 /* ORDATableResult.h */; settings = {ATTRIBUTES = (Public, ); }; };
		42719C8217C9A12B007AAB83 /* ORDATableImpl.h in Headers */ = {isa = PBXBuildFile; fileRef = 42719C8017C9A12B007AAB83 /* ORDATableImpl.h */; };
		42719C8317C9A12B007AAB83 /* ORDATableImpl.m in Sources */ = {isa = PBXBuildFile; fileRef = 42719C8117C9A12B007AAB83 /* ORDATableImpl.m */; };
		42719C8617C9A3F4007AAB83 /* ORDASQLiteTable.h in Headers */ = {isa = PBXBuildFile; fileRef = 42719C8417C9A3F4007AAB83 /* ORDASQLiteTable.h */; };
		42719C8717C9A3F4007AAB83 /* ORDASQLiteTable.m in Sources */ = {isa = PBXBuildFile; fileRef = 42719C8517C9A3F4007AAB83 /* ORDASQLiteTable.m */; };
		42719C8A17C9BC4F007AAB83 /* ORDASQLiteTableResultEntry.h in Headers */ = {isa = PBXBuildFile; fileRef = 42719C8817C9BC4F007AAB83 /* ORDASQLiteTableResultEntry.h */; };
		42719C8B17C9BC4F007AAB83 /* ORDASQLiteTableResultEntry.m in Sources */ = {isa = PBXBuildFile; fileRef = 42719C8917C9BC4F007AAB83 /* ORDASQLiteTableResultEntry.m */; };
		42719C8E17C9BF63007AAB83 /* ORDATableResultImpl.h in Headers */ = {isa = PBXBuildFile; fileRef = 42719C8C17C9BF62007AAB83 /* ORDATableResultImpl.h */; };
		42719C8F17C9BF63007AAB83 /* ORDATableResultImpl.m in Sources */ = {isa = PBXBuildFile; fileRef = 42719C8D17C9BF63007AAB83 /* ORDATableResultImpl.m */; };
		42909B6817B31A4700DBD505 /* Cocoa.framework in Frameworks */ = {isa = PBXBuildFile; fileRef = 42909B6717B31A4700DBD505 /* Cocoa.framework */; };
		42909B7217B31A4700DBD505 /* InfoPlist.strings in Resources */ = {isa = PBXBuildFile; fileRef = 42909B7017B31A4700DBD505 /* InfoPlist.strings */; };
		42909B7E17B31A4700DBD505 /* SenTestingKit.framework in Frameworks */ = {isa = PBXBuildFile; fileRef = 42909B7D17B31A4700DBD505 /* SenTestingKit.framework */; };
		42909B7F17B31A4700DBD505 /* Cocoa.framework in Frameworks */ = {isa = PBXBuildFile; fileRef = 42909B6717B31A4700DBD505 /* Cocoa.framework */; };
		42909B8217B31A4700DBD505 /* ORDA.framework in Frameworks */ = {isa = PBXBuildFile; fileRef = 42909B6417B31A4700DBD505 /* ORDA.framework */; };
		42909B8817B31A4700DBD505 /* InfoPlist.strings in Resources */ = {isa = PBXBuildFile; fileRef = 42909B8617B31A4700DBD505 /* InfoPlist.strings */; };
		42909B8B17B31A4700DBD505 /* ORDATests.m in Sources */ = {isa = PBXBuildFile; fileRef = 42909B8A17B31A4700DBD505 /* ORDATests.m */; };
		42B00ADE17C33777000B13E7 /* (null) in CopyFiles */ = {isa = PBXBuildFile; };
		42B00AF617C3402F000B13E7 /* Chinook_Sqlite.sqlite in Resources */ = {isa = PBXBuildFile; fileRef = 42B00AF517C3402F000B13E7 /* Chinook_Sqlite.sqlite */; };
		42B00B2417C53A9F000B13E7 /* ORDA.m in Sources */ = {isa = PBXBuildFile; fileRef = 42909B7517B31A4700DBD505 /* ORDA.m */; };
		42B00B2517C53AD8000B13E7 /* ORDAResultImpl.m in Sources */ = {isa = PBXBuildFile; fileRef = 42B00B1D17C40B48000B13E7 /* ORDAResultImpl.m */; };
		42B00B2617C53ADE000B13E7 /* ORDAErrorResult.m in Sources */ = {isa = PBXBuildFile; fileRef = 42B00AFF17C3FCFA000B13E7 /* ORDAErrorResult.m */; };
		42B00B2717C53AE3000B13E7 /* ORDADriverResult.m in Sources */ = {isa = PBXBuildFile; fileRef = 422D966B17C2A61700A974FD /* ORDADriverResult.m */; };
		42B00B2917C53B07000B13E7 /* ORDAStatementImpl.m in Sources */ = {isa = PBXBuildFile; fileRef = 422D967517C2A61700A974FD /* ORDAStatementImpl.m */; };
		42B00B2A17C53B0B000B13E7 /* ORDAStatementResultImpl.m in Sources */ = {isa = PBXBuildFile; fileRef = 422D967717C2A61700A974FD /* ORDAStatementResultImpl.m */; };
		42B00B3217C53B9A000B13E7 /* ORDAGovernorImpl.m in Sources */ = {isa = PBXBuildFile; fileRef = 422D966F17C2A61700A974FD /* ORDAGovernorImpl.m */; };
		42B00BD317C66C72000B13E7 /* Cocoa.framework in Frameworks */ = {isa = PBXBuildFile; fileRef = 42909B6717B31A4700DBD505 /* Cocoa.framework */; };
		42B00BD917C66C72000B13E7 /* InfoPlist.strings in Resources */ = {isa = PBXBuildFile; fileRef = 42B00BD717C66C72000B13E7 /* InfoPlist.strings */; };
		42B00BDD17C66C72000B13E7 /* ORDASQLite.m in Sources */ = {isa = PBXBuildFile; fileRef = 42B00BDC17C66C72000B13E7 /* ORDASQLite.m */; };
		42B00BE117C66C8C000B13E7 /* ORDAResultImpl.h in Headers */ = {isa = PBXBuildFile; fileRef = 42B00B1C17C40B48000B13E7 /* ORDAResultImpl.h */; };
		42B00BE217C66C8C000B13E7 /* ORDAErrorResult.h in Headers */ = {isa = PBXBuildFile; fileRef = 42B00AFE17C3FCFA000B13E7 /* ORDAErrorResult.h */; };
		42B00BE317C66C8C000B13E7 /* ORDADriverResult.h in Headers */ = {isa = PBXBuildFile; fileRef = 422D966A17C2A61700A974FD /* ORDADriverResult.h */; };
		42B00BE417C66C8C000B13E7 /* ORDAGovernorImpl.h in Headers */ = {isa = PBXBuildFile; fileRef = 422D966E17C2A61700A974FD /* ORDAGovernorImpl.h */; };
		42B00BE517C66C8C000B13E7 /* ORDAStatementImpl.h in Headers */ = {isa = PBXBuildFile; fileRef = 422D967417C2A61700A974FD /* ORDAStatementImpl.h */; };
		42B00BE617C66C8C000B13E7 /* ORDAStatementResultImpl.h in Headers */ = {isa = PBXBuildFile; fileRef = 422D967617C2A61700A974FD /* ORDAStatementResultImpl.h */; };
		42B00BF017C66CD9000B13E7 /* ORDASQLiteConsts.h in Headers */ = {isa = PBXBuildFile; fileRef = 42B00BE717C66CD9000B13E7 /* ORDASQLiteConsts.h */; settings = {ATTRIBUTES = (Public, ); }; };
		42B00BF117C66CD9000B13E7 /* ORDASQLiteDriver.h in Headers */ = {isa = PBXBuildFile; fileRef = 42B00BE817C66CD9000B13E7 /* ORDASQLiteDriver.h */; };
		42B00BF217C66CD9000B13E7 /* ORDASQLiteDriver.m in Sources */ = {isa = PBXBuildFile; fileRef = 42B00BE917C66CD9000B13E7 /* ORDASQLiteDriver.m */; };
		42B00BF317C66CD9000B13E7 /* ORDASQLiteErrorResult.h in Headers */ = {isa = PBXBuildFile; fileRef = 42B00BEA17C66CD9000B13E7 /* ORDASQLiteErrorResult.h */; };
		42B00BF417C66CD9000B13E7 /* ORDASQLiteErrorResult.m in Sources */ = {isa = PBXBuildFile; fileRef = 42B00BEB17C66CD9000B13E7 /* ORDASQLiteErrorResult.m */; };
		42B00BF517C66CD9000B13E7 /* ORDASQLiteGovernor.h in Headers */ = {isa = PBXBuildFile; fileRef = 42B00BEC17C66CD9000B13E7 /* ORDASQLiteGovernor.h */; };
		42B00BF617C66CD9000B13E7 /* ORDASQLiteGovernor.m in Sources */ = {isa = PBXBuildFile; fileRef = 42B00BED17C66CD9000B13E7 /* ORDASQLiteGovernor.m */; };
		42B00BF717C66CD9000B13E7 /* ORDASQLiteStatement.h in Headers */ = {isa = PBXBuildFile; fileRef = 42B00BEE17C66CD9000B13E7 /* ORDASQLiteStatement.h */; };
		42B00BF817C66CD9000B13E7 /* ORDASQLiteStatement.m in Sources */ = {isa = PBXBuildFile; fileRef = 42B00BEF17C66CD9000B13E7 /* ORDASQLiteStatement.m */; };
		42B00BF917C66CF5000B13E7 /* ORDASQLite.h in Headers */ = {isa = PBXBuildFile; fileRef = 42B00BDB17C66C72000B13E7 /* ORDASQLite.h */; settings = {ATTRIBUTES = (Public, ); }; };
		42B00BFA17C66D1C000B13E7 /* ORDA.framework in Frameworks */ = {isa = PBXBuildFile; fileRef = 42909B6417B31A4700DBD505 /* ORDA.framework */; };
		42B00BFD17C66D39000B13E7 /* libsqlite3.0.dylib in Frameworks */ = {isa = PBXBuildFile; fileRef = 42B00BFC17C66D38000B13E7 /* libsqlite3.0.dylib */; };
		42B00C1B17C6BA66000B13E7 /* ORDASQLite.framework in Frameworks */ = {isa = PBXBuildFile; fileRef = 42B00BD217C66C72000B13E7 /* ORDASQLite.framework */; };
		42B00C1C17C6BA6E000B13E7 /* libsqlite3.0.dylib in Frameworks */ = {isa = PBXBuildFile; fileRef = 42B00BFC17C66D38000B13E7 /* libsqlite3.0.dylib */; };
		42B00C3317C6C65D000B13E7 /* README.md in Resources */ = {isa = PBXBuildFile; fileRef = 42B00C2D17C6C54D000B13E7 /* README.md */; };
		42B00C3517C6C66A000B13E7 /* LICENSE in Resources */ = {isa = PBXBuildFile; fileRef = 42B00C3417C6C669000B13E7 /* LICENSE */; };
		42B00C3617C6C66A000B13E7 /* LICENSE in Resources */ = {isa = PBXBuildFile; fileRef = 42B00C3417C6C669000B13E7 /* LICENSE */; };
		42F06AF217B8786A004F2F06 /* ORDADriver.h in Headers */ = {isa = PBXBuildFile; fileRef = 42F06AC817B8627D004F2F06 /* ORDADriver.h */; settings = {ATTRIBUTES = (Public, ); }; };
		42F06AFB17B87872004F2F06 /* ORDA.h in Headers */ = {isa = PBXBuildFile; fileRef = 42909B7417B31A4700DBD505 /* ORDA.h */; settings = {ATTRIBUTES = (Public, ); }; };
/* End PBXBuildFile section */

/* Begin PBXContainerItemProxy section */
		4253CD6E17CAD4B000DB39B7 /* PBXContainerItemProxy */ = {
			isa = PBXContainerItemProxy;
			containerPortal = 4253CD6A17CAD4B000DB39B7 /* TypeExtensions.xcodeproj */;
			proxyType = 2;
			remoteGlobalIDString = 420D1A9C165BF5020097EE03;
			remoteInfo = TypeExtensions;
		};
		42B00C2717C6C3A7000B13E7 /* PBXContainerItemProxy */ = {
			isa = PBXContainerItemProxy;
			containerPortal = 42909B5B17B31A4700DBD505 /* Project object */;
			proxyType = 1;
			remoteGlobalIDString = 42909B6317B31A4700DBD505;
			remoteInfo = ORDA;
		};
		42B00C2917C6C3AC000B13E7 /* PBXContainerItemProxy */ = {
			isa = PBXContainerItemProxy;
			containerPortal = 42909B5B17B31A4700DBD505 /* Project object */;
			proxyType = 1;
			remoteGlobalIDString = 42B00BD117C66C72000B13E7;
			remoteInfo = ORDASQLite;
		};
/* End PBXContainerItemProxy section */

/* Begin PBXCopyFilesBuildPhase section */
		42B00ADD17C33768000B13E7 /* CopyFiles */ = {
			isa = PBXCopyFilesBuildPhase;
			buildActionMask = 2147483647;
			dstPath = "";
			dstSubfolderSpec = 11;
			files = (
				42B00ADE17C33777000B13E7 /* (null) in CopyFiles */,
			);
			runOnlyForDeploymentPostprocessing = 0;
		};
/* End PBXCopyFilesBuildPhase section */

/* Begin PBXFileReference section */
		422D965917C2A60400A974FD /* ORDAGovernor.h */ = {isa = PBXFileReference; fileEncoding = 4; lastKnownFileType = sourcecode.c.h; name = ORDAGovernor.h; path = Specification/ORDAGovernor.h; sourceTree = "<group>"; };
		422D965B17C2A60400A974FD /* ORDAResult.h */ = {isa = PBXFileReference; fileEncoding = 4; lastKnownFileType = sourcecode.c.h; name = ORDAResult.h; path = Specification/ORDAResult.h; sourceTree = "<group>"; };
		422D965C17C2A60400A974FD /* ORDAResultConsts.h */ = {isa = PBXFileReference; fileEncoding = 4; lastKnownFileType = sourcecode.c.h; name = ORDAResultConsts.h; path = Specification/ORDAResultConsts.h; sourceTree = "<group>"; };
		422D965E17C2A60400A974FD /* ORDAStatement.h */ = {isa = PBXFileReference; fileEncoding = 4; lastKnownFileType = sourcecode.c.h; name = ORDAStatement.h; path = Specification/ORDAStatement.h; sourceTree = "<group>"; };
		422D965F17C2A60400A974FD /* ORDAStatementResult.h */ = {isa = PBXFileReference; fileEncoding = 4; lastKnownFileType = sourcecode.c.h; name = ORDAStatementResult.h; path = Specification/ORDAStatementResult.h; sourceTree = "<group>"; };
		422D966A17C2A61700A974FD /* ORDADriverResult.h */ = {isa = PBXFileReference; fileEncoding = 4; lastKnownFileType = sourcecode.c.h; name = ORDADriverResult.h; path = Implementation/ORDADriverResult.h; sourceTree = "<group>"; };
		422D966B17C2A61700A974FD /* ORDADriverResult.m */ = {isa = PBXFileReference; fileEncoding = 4; lastKnownFileType = sourcecode.c.objc; name = ORDADriverResult.m; path = Implementation/ORDADriverResult.m; sourceTree = "<group>"; };
		422D966E17C2A61700A974FD /* ORDAGovernorImpl.h */ = {isa = PBXFileReference; fileEncoding = 4; lastKnownFileType = sourcecode.c.h; name = ORDAGovernorImpl.h; path = Implementation/ORDAGovernorImpl.h; sourceTree = "<group>"; };
		422D966F17C2A61700A974FD /* ORDAGovernorImpl.m */ = {isa = PBXFileReference; fileEncoding = 4; lastKnownFileType = sourcecode.c.objc; name = ORDAGovernorImpl.m; path = Implementation/ORDAGovernorImpl.m; sourceTree = "<group>"; };
		422D967417C2A61700A974FD /* ORDAStatementImpl.h */ = {isa = PBXFileReference; fileEncoding = 4; lastKnownFileType = sourcecode.c.h; name = ORDAStatementImpl.h; path = Implementation/ORDAStatementImpl.h; sourceTree = "<group>"; };
		422D967517C2A61700A974FD /* ORDAStatementImpl.m */ = {isa = PBXFileReference; fileEncoding = 4; lastKnownFileType = sourcecode.c.objc; name = ORDAStatementImpl.m; path = Implementation/ORDAStatementImpl.m; sourceTree = "<group>"; };
		422D967617C2A61700A974FD /* ORDAStatementResultImpl.h */ = {isa = PBXFileReference; fileEncoding = 4; lastKnownFileType = sourcecode.c.h; name = ORDAStatementResultImpl.h; path = Implementation/ORDAStatementResultImpl.h; sourceTree = "<group>"; };
		422D967717C2A61700A974FD /* ORDAStatementResultImpl.m */ = {isa = PBXFileReference; fileEncoding = 4; lastKnownFileType = sourcecode.c.objc; name = ORDAStatementResultImpl.m; path = Implementation/ORDAStatementResultImpl.m; sourceTree = "<group>"; };
		424B2E7217C71CF1000B354E /* ORDA+Private.h */ = {isa = PBXFileReference; lastKnownFileType = sourcecode.c.h; path = "ORDA+Private.h"; sourceTree = "<group>"; };
		4253CD6A17CAD4B000DB39B7 /* TypeExtensions.xcodeproj */ = {isa = PBXFileReference; lastKnownFileType = "wrapper.pb-project"; name = TypeExtensions.xcodeproj; path = Include/TypeExtensions/TypeExtensions.xcodeproj; sourceTree = "<group>"; };
		42719C7B17C99A32007AAB83 /* ORDATable.h */ = {isa = PBXFileReference; lastKnownFileType = sourcecode.c.h; name = ORDATable.h; path = Specification/ORDATable.h; sourceTree = "<group>"; };
		42719C7D17C99A4E007AAB83 /* ORDATableResult.h */ = {isa = PBXFileReference; lastKnownFileType = sourcecode.c.h; name = ORDATableResult.h; path = Specification/ORDATableResult.h; sourceTree = "<group>"; };
		42719C8017C9A12B007AAB83 /* ORDATableImpl.h */ = {isa = PBXFileReference; fileEncoding = 4; lastKnownFileType = sourcecode.c.h; name = ORDATableImpl.h; path = Implementation/ORDATableImpl.h; sourceTree = "<group>"; };
		42719C8117C9A12B007AAB83 /* ORDATableImpl.m */ = {isa = PBXFileReference; fileEncoding = 4; lastKnownFileType = sourcecode.c.objc; name = ORDATableImpl.m; path = Implementation/ORDATableImpl.m; sourceTree = "<group>"; };
		42719C8417C9A3F4007AAB83 /* ORDASQLiteTable.h */ = {isa = PBXFileReference; fileEncoding = 4; lastKnownFileType = sourcecode.c.h; path = ORDASQLiteTable.h; sourceTree = "<group>"; };
		42719C8517C9A3F4007AAB83 /* ORDASQLiteTable.m */ = {isa = PBXFileReference; fileEncoding = 4; lastKnownFileType = sourcecode.c.objc; path = ORDASQLiteTable.m; sourceTree = "<group>"; };
		42719C8817C9BC4F007AAB83 /* ORDASQLiteTableResultEntry.h */ = {isa = PBXFileReference; fileEncoding = 4; lastKnownFileType = sourcecode.c.h; path = ORDASQLiteTableResultEntry.h; sourceTree = "<group>"; };
		42719C8917C9BC4F007AAB83 /* ORDASQLiteTableResultEntry.m */ = {isa = PBXFileReference; fileEncoding = 4; lastKnownFileType = sourcecode.c.objc; path = ORDASQLiteTableResultEntry.m; sourceTree = "<group>"; };
		42719C8C17C9BF62007AAB83 /* ORDATableResultImpl.h */ = {isa = PBXFileReference; fileEncoding = 4; lastKnownFileType = sourcecode.c.h; name = ORDATableResultImpl.h; path = Implementation/ORDATableResultImpl.h; sourceTree = "<group>"; };
		42719C8D17C9BF63007AAB83 /* ORDATableResultImpl.m */ = {isa = PBXFileReference; fileEncoding = 4; lastKnownFileType = sourcecode.c.objc; name = ORDATableResultImpl.m; path = Implementation/ORDATableResultImpl.m; sourceTree = "<group>"; };
		42909B6417B31A4700DBD505 /* ORDA.framework */ = {isa = PBXFileReference; explicitFileType = wrapper.framework; includeInIndex = 0; path = ORDA.framework; sourceTree = BUILT_PRODUCTS_DIR; };
		42909B6717B31A4700DBD505 /* Cocoa.framework */ = {isa = PBXFileReference; lastKnownFileType = wrapper.framework; name = Cocoa.framework; path = System/Library/Frameworks/Cocoa.framework; sourceTree = SDKROOT; };
		42909B6A17B31A4700DBD505 /* AppKit.framework */ = {isa = PBXFileReference; lastKnownFileType = wrapper.framework; name = AppKit.framework; path = System/Library/Frameworks/AppKit.framework; sourceTree = SDKROOT; };
		42909B6B17B31A4700DBD505 /* CoreData.framework */ = {isa = PBXFileReference; lastKnownFileType = wrapper.framework; name = CoreData.framework; path = System/Library/Frameworks/CoreData.framework; sourceTree = SDKROOT; };
		42909B6C17B31A4700DBD505 /* Foundation.framework */ = {isa = PBXFileReference; lastKnownFileType = wrapper.framework; name = Foundation.framework; path = System/Library/Frameworks/Foundation.framework; sourceTree = SDKROOT; };
		42909B6F17B31A4700DBD505 /* ORDA-Info.plist */ = {isa = PBXFileReference; lastKnownFileType = text.plist.xml; path = "ORDA-Info.plist"; sourceTree = "<group>"; };
		42909B7117B31A4700DBD505 /* en */ = {isa = PBXFileReference; lastKnownFileType = text.plist.strings; name = en; path = en.lproj/InfoPlist.strings; sourceTree = "<group>"; };
		42909B7317B31A4700DBD505 /* ORDA-Prefix.pch */ = {isa = PBXFileReference; lastKnownFileType = sourcecode.c.h; path = "ORDA-Prefix.pch"; sourceTree = "<group>"; };
		42909B7417B31A4700DBD505 /* ORDA.h */ = {isa = PBXFileReference; lastKnownFileType = sourcecode.c.h; path = ORDA.h; sourceTree = "<group>"; };
		42909B7517B31A4700DBD505 /* ORDA.m */ = {isa = PBXFileReference; lastKnownFileType = sourcecode.c.objc; path = ORDA.m; sourceTree = "<group>"; };
		42909B7C17B31A4700DBD505 /* ORDATests.octest */ = {isa = PBXFileReference; explicitFileType = wrapper.cfbundle; includeInIndex = 0; path = ORDATests.octest; sourceTree = BUILT_PRODUCTS_DIR; };
		42909B7D17B31A4700DBD505 /* SenTestingKit.framework */ = {isa = PBXFileReference; lastKnownFileType = wrapper.framework; name = SenTestingKit.framework; path = Library/Frameworks/SenTestingKit.framework; sourceTree = DEVELOPER_DIR; };
		42909B8517B31A4700DBD505 /* ORDATests-Info.plist */ = {isa = PBXFileReference; lastKnownFileType = text.plist.xml; path = "ORDATests-Info.plist"; sourceTree = "<group>"; };
		42909B8717B31A4700DBD505 /* en */ = {isa = PBXFileReference; lastKnownFileType = text.plist.strings; name = en; path = en.lproj/InfoPlist.strings; sourceTree = "<group>"; };
		42909B8917B31A4700DBD505 /* ORDATests.h */ = {isa = PBXFileReference; lastKnownFileType = sourcecode.c.h; path = ORDATests.h; sourceTree = "<group>"; };
		42909B8A17B31A4700DBD505 /* ORDATests.m */ = {isa = PBXFileReference; lastKnownFileType = sourcecode.c.objc; path = ORDATests.m; sourceTree = "<group>"; };
		42B00AE417C337D9000B13E7 /* Foundation.framework */ = {isa = PBXFileReference; lastKnownFileType = wrapper.framework; name = Foundation.framework; path = System/Library/Frameworks/Foundation.framework; sourceTree = SDKROOT; };
		42B00AF517C3402F000B13E7 /* Chinook_Sqlite.sqlite */ = {isa = PBXFileReference; lastKnownFileType = file; path = Chinook_Sqlite.sqlite; sourceTree = "<group>"; };
		42B00AFE17C3FCFA000B13E7 /* ORDAErrorResult.h */ = {isa = PBXFileReference; fileEncoding = 4; lastKnownFileType = sourcecode.c.h; name = ORDAErrorResult.h; path = Implementation/ORDAErrorResult.h; sourceTree = "<group>"; };
		42B00AFF17C3FCFA000B13E7 /* ORDAErrorResult.m */ = {isa = PBXFileReference; fileEncoding = 4; lastKnownFileType = sourcecode.c.objc; name = ORDAErrorResult.m; path = Implementation/ORDAErrorResult.m; sourceTree = "<group>"; };
		42B00B1C17C40B48000B13E7 /* ORDAResultImpl.h */ = {isa = PBXFileReference; fileEncoding = 4; lastKnownFileType = sourcecode.c.h; name = ORDAResultImpl.h; path = Implementation/ORDAResultImpl.h; sourceTree = "<group>"; };
		42B00B1D17C40B48000B13E7 /* ORDAResultImpl.m */ = {isa = PBXFileReference; fileEncoding = 4; lastKnownFileType = sourcecode.c.objc; name = ORDAResultImpl.m; path = Implementation/ORDAResultImpl.m; sourceTree = "<group>"; };
		42B00BD217C66C72000B13E7 /* ORDASQLite.framework */ = {isa = PBXFileReference; explicitFileType = wrapper.framework; includeInIndex = 0; path = ORDASQLite.framework; sourceTree = BUILT_PRODUCTS_DIR; };
		42B00BD617C66C72000B13E7 /* ORDASQLite-Info.plist */ = {isa = PBXFileReference; lastKnownFileType = text.plist.xml; path = "ORDASQLite-Info.plist"; sourceTree = "<group>"; };
		42B00BD817C66C72000B13E7 /* en */ = {isa = PBXFileReference; lastKnownFileType = text.plist.strings; name = en; path = en.lproj/InfoPlist.strings; sourceTree = "<group>"; };
		42B00BDA17C66C72000B13E7 /* ORDASQLite-Prefix.pch */ = {isa = PBXFileReference; lastKnownFileType = sourcecode.c.h; path = "ORDASQLite-Prefix.pch"; sourceTree = "<group>"; };
		42B00BDB17C66C72000B13E7 /* ORDASQLite.h */ = {isa = PBXFileReference; lastKnownFileType = sourcecode.c.h; path = ORDASQLite.h; sourceTree = "<group>"; };
		42B00BDC17C66C72000B13E7 /* ORDASQLite.m */ = {isa = PBXFileReference; lastKnownFileType = sourcecode.c.objc; path = ORDASQLite.m; sourceTree = "<group>"; };
		42B00BE717C66CD9000B13E7 /* ORDASQLiteConsts.h */ = {isa = PBXFileReference; fileEncoding = 4; lastKnownFileType = sourcecode.c.h; path = ORDASQLiteConsts.h; sourceTree = "<group>"; };
		42B00BE817C66CD9000B13E7 /* ORDASQLiteDriver.h */ = {isa = PBXFileReference; fileEncoding = 4; lastKnownFileType = sourcecode.c.h; path = ORDASQLiteDriver.h; sourceTree = "<group>"; };
		42B00BE917C66CD9000B13E7 /* ORDASQLiteDriver.m */ = {isa = PBXFileReference; fileEncoding = 4; lastKnownFileType = sourcecode.c.objc; path = ORDASQLiteDriver.m; sourceTree = "<group>"; };
		42B00BEA17C66CD9000B13E7 /* ORDASQLiteErrorResult.h */ = {isa = PBXFileReference; fileEncoding = 4; lastKnownFileType = sourcecode.c.h; path = ORDASQLiteErrorResult.h; sourceTree = "<group>"; };
		42B00BEB17C66CD9000B13E7 /* ORDASQLiteErrorResult.m */ = {isa = PBXFileReference; fileEncoding = 4; lastKnownFileType = sourcecode.c.objc; path = ORDASQLiteErrorResult.m; sourceTree = "<group>"; };
		42B00BEC17C66CD9000B13E7 /* ORDASQLiteGovernor.h */ = {isa = PBXFileReference; fileEncoding = 4; lastKnownFileType = sourcecode.c.h; path = ORDASQLiteGovernor.h; sourceTree = "<group>"; };
		42B00BED17C66CD9000B13E7 /* ORDASQLiteGovernor.m */ = {isa = PBXFileReference; fileEncoding = 4; lastKnownFileType = sourcecode.c.objc; path = ORDASQLiteGovernor.m; sourceTree = "<group>"; };
		42B00BEE17C66CD9000B13E7 /* ORDASQLiteStatement.h */ = {isa = PBXFileReference; fileEncoding = 4; lastKnownFileType = sourcecode.c.h; path = ORDASQLiteStatement.h; sourceTree = "<group>"; };
		42B00BEF17C66CD9000B13E7 /* ORDASQLiteStatement.m */ = {isa = PBXFileReference; fileEncoding = 4; lastKnownFileType = sourcecode.c.objc; path = ORDASQLiteStatement.m; sourceTree = "<group>"; };
		42B00BFC17C66D38000B13E7 /* libsqlite3.0.dylib */ = {isa = PBXFileReference; lastKnownFileType = "compiled.mach-o.dylib"; name = libsqlite3.0.dylib; path = usr/lib/libsqlite3.0.dylib; sourceTree = SDKROOT; };
		42B00C2D17C6C54D000B13E7 /* README.md */ = {isa = PBXFileReference; fileEncoding = 4; lastKnownFileType = text; path = README.md; sourceTree = "<group>"; };
		42B00C3417C6C669000B13E7 /* LICENSE */ = {isa = PBXFileReference; fileEncoding = 4; lastKnownFileType = text; path = LICENSE; sourceTree = "<group>"; };
		42F06AC817B8627D004F2F06 /* ORDADriver.h */ = {isa = PBXFileReference; lastKnownFileType = sourcecode.c.h; name = ORDADriver.h; path = Specification/ORDADriver.h; sourceTree = "<group>"; };
/* End PBXFileReference section */

/* Begin PBXFrameworksBuildPhase section */
		42909B6017B31A4700DBD505 /* Frameworks */ = {
			isa = PBXFrameworksBuildPhase;
			buildActionMask = 2147483647;
			files = (
				4257E7AE17CAD51400ACF70C /* TypeExtensions.framework in Frameworks */,
				42909B6817B31A4700DBD505 /* Cocoa.framework in Frameworks */,
			);
			runOnlyForDeploymentPostprocessing = 0;
		};
		42909B7817B31A4700DBD505 /* Frameworks */ = {
			isa = PBXFrameworksBuildPhase;
			buildActionMask = 2147483647;
			files = (
				42B00C1C17C6BA6E000B13E7 /* libsqlite3.0.dylib in Frameworks */,
				42B00C1B17C6BA66000B13E7 /* ORDASQLite.framework in Frameworks */,
				42909B7E17B31A4700DBD505 /* SenTestingKit.framework in Frameworks */,
				42909B7F17B31A4700DBD505 /* Cocoa.framework in Frameworks */,
				42909B8217B31A4700DBD505 /* ORDA.framework in Frameworks */,
			);
			runOnlyForDeploymentPostprocessing = 0;
		};
		42B00BCE17C66C72000B13E7 /* Frameworks */ = {
			isa = PBXFrameworksBuildPhase;
			buildActionMask = 2147483647;
			files = (
				4257E7AF17CAD51A00ACF70C /* TypeExtensions.framework in Frameworks */,
				42B00BFD17C66D39000B13E7 /* libsqlite3.0.dylib in Frameworks */,
				42B00BFA17C66D1C000B13E7 /* ORDA.framework in Frameworks */,
				42B00BD317C66C72000B13E7 /* Cocoa.framework in Frameworks */,
			);
			runOnlyForDeploymentPostprocessing = 0;
		};
/* End PBXFrameworksBuildPhase section */

/* Begin PBXGroup section */
		4253CD6B17CAD4B000DB39B7 /* Products */ = {
			isa = PBXGroup;
			children = (
				4253CD6F17CAD4B000DB39B7 /* TypeExtensions.framework */,
			);
			name = Products;
			sourceTree = "<group>";
		};
		42909B5A17B31A4700DBD505 = {
			isa = PBXGroup;
			children = (
				42B00C3417C6C669000B13E7 /* LICENSE */,
				42B00C2D17C6C54D000B13E7 /* README.md */,
				42909B6D17B31A4700DBD505 /* ORDA */,
				42B00BD417C66C72000B13E7 /* ORDASQLite */,
				42909B8317B31A4700DBD505 /* ORDATests */,
				42F06AFE17B878A9004F2F06 /* Libraries */,
				42909B6617B31A4700DBD505 /* Frameworks */,
				42909B6517B31A4700DBD505 /* Products */,
				4253CD6A17CAD4B000DB39B7 /* TypeExtensions.xcodeproj */,
			);
			sourceTree = "<group>";
		};
		42909B6517B31A4700DBD505 /* Products */ = {
			isa = PBXGroup;
			children = (
				42909B6417B31A4700DBD505 /* ORDA.framework */,
				42909B7C17B31A4700DBD505 /* ORDATests.octest */,
				42B00BD217C66C72000B13E7 /* ORDASQLite.framework */,
			);
			name = Products;
			sourceTree = "<group>";
		};
		42909B6617B31A4700DBD505 /* Frameworks */ = {
			isa = PBXGroup;
			children = (
				42909B6717B31A4700DBD505 /* Cocoa.framework */,
				42909B7D17B31A4700DBD505 /* SenTestingKit.framework */,
				42B00AE417C337D9000B13E7 /* Foundation.framework */,
				42909B6917B31A4700DBD505 /* Other Frameworks */,
			);
			name = Frameworks;
			sourceTree = "<group>";
		};
		42909B6917B31A4700DBD505 /* Other Frameworks */ = {
			isa = PBXGroup;
			children = (
				42909B6A17B31A4700DBD505 /* AppKit.framework */,
				42909B6B17B31A4700DBD505 /* CoreData.framework */,
				42909B6C17B31A4700DBD505 /* Foundation.framework */,
			);
			name = "Other Frameworks";
			sourceTree = "<group>";
		};
		42909B6D17B31A4700DBD505 /* ORDA */ = {
			isa = PBXGroup;
			children = (
				42909B7417B31A4700DBD505 /* ORDA.h */,
				424B2E7217C71CF1000B354E /* ORDA+Private.h */,
				42909B7517B31A4700DBD505 /* ORDA.m */,
				42F06AF017B87810004F2F06 /* Specification */,
				42F06AAC17B84ADC004F2F06 /* Implementation */,
				42909B6E17B31A4700DBD505 /* Supporting Files */,
			);
			path = ORDA;
			sourceTree = "<group>";
		};
		42909B6E17B31A4700DBD505 /* Supporting Files */ = {
			isa = PBXGroup;
			children = (
				42B00AF517C3402F000B13E7 /* Chinook_Sqlite.sqlite */,
				42909B6F17B31A4700DBD505 /* ORDA-Info.plist */,
				42909B7017B31A4700DBD505 /* InfoPlist.strings */,
				42909B7317B31A4700DBD505 /* ORDA-Prefix.pch */,
			);
			name = "Supporting Files";
			sourceTree = "<group>";
		};
		42909B8317B31A4700DBD505 /* ORDATests */ = {
			isa = PBXGroup;
			children = (
				42909B8917B31A4700DBD505 /* ORDATests.h */,
				42909B8A17B31A4700DBD505 /* ORDATests.m */,
				42909B8417B31A4700DBD505 /* Supporting Files */,
			);
			path = ORDATests;
			sourceTree = "<group>";
		};
		42909B8417B31A4700DBD505 /* Supporting Files */ = {
			isa = PBXGroup;
			children = (
				42909B8517B31A4700DBD505 /* ORDATests-Info.plist */,
				42909B8617B31A4700DBD505 /* InfoPlist.strings */,
			);
			name = "Supporting Files";
			sourceTree = "<group>";
		};
		42B00BD417C66C72000B13E7 /* ORDASQLite */ = {
			isa = PBXGroup;
			children = (
				42B00BE717C66CD9000B13E7 /* ORDASQLiteConsts.h */,
				42B00BDB17C66C72000B13E7 /* ORDASQLite.h */,
				42B00BDC17C66C72000B13E7 /* ORDASQLite.m */,
				42B00BE817C66CD9000B13E7 /* ORDASQLiteDriver.h */,
				42B00BE917C66CD9000B13E7 /* ORDASQLiteDriver.m */,
				42B00BEA17C66CD9000B13E7 /* ORDASQLiteErrorResult.h */,
				42B00BEB17C66CD9000B13E7 /* ORDASQLiteErrorResult.m */,
				42B00BEC17C66CD9000B13E7 /* ORDASQLiteGovernor.h */,
				42B00BED17C66CD9000B13E7 /* ORDASQLiteGovernor.m */,
				42B00BEE17C66CD9000B13E7 /* ORDASQLiteStatement.h */,
				42B00BEF17C66CD9000B13E7 /* ORDASQLiteStatement.m */,
				42719C8417C9A3F4007AAB83 /* ORDASQLiteTable.h */,
				42719C8517C9A3F4007AAB83 /* ORDASQLiteTable.m */,
				42719C8817C9BC4F007AAB83 /* ORDASQLiteTableResultEntry.h */,
				42719C8917C9BC4F007AAB83 /* ORDASQLiteTableResultEntry.m */,
				42B00BD517C66C72000B13E7 /* Supporting Files */,
			);
			path = ORDASQLite;
			sourceTree = "<group>";
		};
		42B00BD517C66C72000B13E7 /* Supporting Files */ = {
			isa = PBXGroup;
			children = (
				42B00BD617C66C72000B13E7 /* ORDASQLite-Info.plist */,
				42B00BD717C66C72000B13E7 /* InfoPlist.strings */,
				42B00BDA17C66C72000B13E7 /* ORDASQLite-Prefix.pch */,
			);
			name = "Supporting Files";
			sourceTree = "<group>";
		};
		42F06AAC17B84ADC004F2F06 /* Implementation */ = {
			isa = PBXGroup;
			children = (
				42B00B1C17C40B48000B13E7 /* ORDAResultImpl.h */,
				42B00B1D17C40B48000B13E7 /* ORDAResultImpl.m */,
				42B00AFE17C3FCFA000B13E7 /* ORDAErrorResult.h */,
				42B00AFF17C3FCFA000B13E7 /* ORDAErrorResult.m */,
				422D966A17C2A61700A974FD /* ORDADriverResult.h */,
				422D966B17C2A61700A974FD /* ORDADriverResult.m */,
				422D966E17C2A61700A974FD /* ORDAGovernorImpl.h */,
				422D966F17C2A61700A974FD /* ORDAGovernorImpl.m */,
				422D967417C2A61700A974FD /* ORDAStatementImpl.h */,
				422D967517C2A61700A974FD /* ORDAStatementImpl.m */,
				422D967617C2A61700A974FD /* ORDAStatementResultImpl.h */,
				422D967717C2A61700A974FD /* ORDAStatementResultImpl.m */,
				42719C8017C9A12B007AAB83 /* ORDATableImpl.h */,
				42719C8117C9A12B007AAB83 /* ORDATableImpl.m */,
				42719C8C17C9BF62007AAB83 /* ORDATableResultImpl.h */,
				42719C8D17C9BF63007AAB83 /* ORDATableResultImpl.m */,
			);
			name = Implementation;
			sourceTree = "<group>";
		};
		42F06AF017B87810004F2F06 /* Specification */ = {
			isa = PBXGroup;
			children = (
				422D965C17C2A60400A974FD /* ORDAResultConsts.h */,
				422D965B17C2A60400A974FD /* ORDAResult.h */,
				42F06AC817B8627D004F2F06 /* ORDADriver.h */,
				422D965917C2A60400A974FD /* ORDAGovernor.h */,
				422D965E17C2A60400A974FD /* ORDAStatement.h */,
				422D965F17C2A60400A974FD /* ORDAStatementResult.h */,
				42719C7B17C99A32007AAB83 /* ORDATable.h */,
				42719C7D17C99A4E007AAB83 /* ORDATableResult.h */,
			);
			name = Specification;
			sourceTree = "<group>";
		};
		42F06AFE17B878A9004F2F06 /* Libraries */ = {
			isa = PBXGroup;
			children = (
				42B00BFC17C66D38000B13E7 /* libsqlite3.0.dylib */,
			);
			name = Libraries;
			sourceTree = "<group>";
		};
/* End PBXGroup section */

/* Begin PBXHeadersBuildPhase section */
		42909B6117B31A4700DBD505 /* Headers */ = {
			isa = PBXHeadersBuildPhase;
			buildActionMask = 2147483647;
			files = (
				42F06AFB17B87872004F2F06 /* ORDA.h in Headers */,
				42F06AF217B8786A004F2F06 /* ORDADriver.h in Headers */,
				422D966217C2A60400A974FD /* ORDAGovernor.h in Headers */,
				422D966417C2A60400A974FD /* ORDAResult.h in Headers */,
				422D966517C2A60400A974FD /* ORDAResultConsts.h in Headers */,
				422D966717C2A60400A974FD /* ORDAStatement.h in Headers */,
				422D966817C2A60400A974FD /* ORDAStatementResult.h in Headers */,
				42719C7C17C99A3E007AAB83 /* ORDATable.h in Headers */,
				42719C7E17C99A54007AAB83 /* ORDATableResult.h in Headers */,
				42B00BE117C66C8C000B13E7 /* ORDAResultImpl.h in Headers */,
				42B00BE217C66C8C000B13E7 /* ORDAErrorResult.h in Headers */,
				42B00BE317C66C8C000B13E7 /* ORDADriverResult.h in Headers */,
				42B00BE417C66C8C000B13E7 /* ORDAGovernorImpl.h in Headers */,
				42B00BE517C66C8C000B13E7 /* ORDAStatementImpl.h in Headers */,
				42B00BE617C66C8C000B13E7 /* ORDAStatementResultImpl.h in Headers */,
				42719C8217C9A12B007AAB83 /* ORDATableImpl.h in Headers */,
				42719C8E17C9BF63007AAB83 /* ORDATableResultImpl.h in Headers */,
			);
			runOnlyForDeploymentPostprocessing = 0;
		};
		42B00BCF17C66C72000B13E7 /* Headers */ = {
			isa = PBXHeadersBuildPhase;
			buildActionMask = 2147483647;
			files = (
				42B00BF017C66CD9000B13E7 /* ORDASQLiteConsts.h in Headers */,
				42B00BF917C66CF5000B13E7 /* ORDASQLite.h in Headers */,
				42B00BF117C66CD9000B13E7 /* ORDASQLiteDriver.h in Headers */,
				42B00BF317C66CD9000B13E7 /* ORDASQLiteErrorResult.h in Headers */,
				42B00BF517C66CD9000B13E7 /* ORDASQLiteGovernor.h in Headers */,
				42B00BF717C66CD9000B13E7 /* ORDASQLiteStatement.h in Headers */,
				42719C8617C9A3F4007AAB83 /* ORDASQLiteTable.h in Headers */,
				42719C8A17C9BC4F007AAB83 /* ORDASQLiteTableResultEntry.h in Headers */,
			);
			runOnlyForDeploymentPostprocessing = 0;
		};
/* End PBXHeadersBuildPhase section */

/* Begin PBXNativeTarget section */
		42909B6317B31A4700DBD505 /* ORDA */ = {
			isa = PBXNativeTarget;
			buildConfigurationList = 42909B8E17B31A4700DBD505 /* Build configuration list for PBXNativeTarget "ORDA" */;
			buildPhases = (
				42909B5F17B31A4700DBD505 /* Sources */,
				42909B6017B31A4700DBD505 /* Frameworks */,
				42909B6117B31A4700DBD505 /* Headers */,
				42909B6217B31A4700DBD505 /* Resources */,
				424B2E7317C7210A000B354E /* ShellScript */,
			);
			buildRules = (
			);
			dependencies = (
			);
			name = ORDA;
			productName = ORDA;
			productReference = 42909B6417B31A4700DBD505 /* ORDA.framework */;
			productType = "com.apple.product-type.framework";
		};
		42909B7B17B31A4700DBD505 /* ORDATests */ = {
			isa = PBXNativeTarget;
			buildConfigurationList = 42909B9117B31A4700DBD505 /* Build configuration list for PBXNativeTarget "ORDATests" */;
			buildPhases = (
				42909B7717B31A4700DBD505 /* Sources */,
				42909B7817B31A4700DBD505 /* Frameworks */,
				42909B7917B31A4700DBD505 /* Resources */,
				42B00ADD17C33768000B13E7 /* CopyFiles */,
				42909B7A17B31A4700DBD505 /* ShellScript */,
			);
			buildRules = (
			);
			dependencies = (
				42B00C2A17C6C3AC000B13E7 /* PBXTargetDependency */,
			);
			name = ORDATests;
			productName = ORDATests;
			productReference = 42909B7C17B31A4700DBD505 /* ORDATests.octest */;
			productType = "com.apple.product-type.bundle";
		};
		42B00BD117C66C72000B13E7 /* ORDASQLite */ = {
			isa = PBXNativeTarget;
			buildConfigurationList = 42B00BDE17C66C72000B13E7 /* Build configuration list for PBXNativeTarget "ORDASQLite" */;
			buildPhases = (
				42B00BCD17C66C72000B13E7 /* Sources */,
				42B00BCE17C66C72000B13E7 /* Frameworks */,
				42B00BCF17C66C72000B13E7 /* Headers */,
				42B00BD017C66C72000B13E7 /* Resources */,
			);
			buildRules = (
			);
			dependencies = (
				42B00C2817C6C3A7000B13E7 /* PBXTargetDependency */,
			);
			name = ORDASQLite;
			productName = ORDASQLite;
			productReference = 42B00BD217C66C72000B13E7 /* ORDASQLite.framework */;
			productType = "com.apple.product-type.framework";
		};
/* End PBXNativeTarget section */

/* Begin PBXProject section */
		42909B5B17B31A4700DBD505 /* Project object */ = {
			isa = PBXProject;
			attributes = {
				LastUpgradeCheck = 0460;
				ORGANIZATIONNAME = "Firelizzard Inventions";
			};
			buildConfigurationList = 42909B5E17B31A4700DBD505 /* Build configuration list for PBXProject "ORDA" */;
			compatibilityVersion = "Xcode 3.2";
			developmentRegion = English;
			hasScannedForEncodings = 0;
			knownRegions = (
				en,
			);
			mainGroup = 42909B5A17B31A4700DBD505;
			productRefGroup = 42909B6517B31A4700DBD505 /* Products */;
			projectDirPath = "";
			projectReferences = (
				{
					ProductGroup = 4253CD6B17CAD4B000DB39B7 /* Products */;
					ProjectRef = 4253CD6A17CAD4B000DB39B7 /* TypeExtensions.xcodeproj */;
				},
			);
			projectRoot = "";
			targets = (
				42909B6317B31A4700DBD505 /* ORDA */,
				42B00BD117C66C72000B13E7 /* ORDASQLite */,
				42909B7B17B31A4700DBD505 /* ORDATests */,
			);
		};
/* End PBXProject section */

/* Begin PBXReferenceProxy section */
		4253CD6F17CAD4B000DB39B7 /* TypeExtensions.framework */ = {
			isa = PBXReferenceProxy;
			fileType = wrapper.framework;
			path = TypeExtensions.framework;
			remoteRef = 4253CD6E17CAD4B000DB39B7 /* PBXContainerItemProxy */;
			sourceTree = BUILT_PRODUCTS_DIR;
		};
/* End PBXReferenceProxy section */

/* Begin PBXResourcesBuildPhase section */
		42909B6217B31A4700DBD505 /* Resources */ = {
			isa = PBXResourcesBuildPhase;
			buildActionMask = 2147483647;
			files = (
				42B00C3317C6C65D000B13E7 /* README.md in Resources */,
				42909B7217B31A4700DBD505 /* InfoPlist.strings in Resources */,
				42B00AF617C3402F000B13E7 /* Chinook_Sqlite.sqlite in Resources */,
				42B00C3517C6C66A000B13E7 /* LICENSE in Resources */,
			);
			runOnlyForDeploymentPostprocessing = 0;
		};
		42909B7917B31A4700DBD505 /* Resources */ = {
			isa = PBXResourcesBuildPhase;
			buildActionMask = 2147483647;
			files = (
				42909B8817B31A4700DBD505 /* InfoPlist.strings in Resources */,
			);
			runOnlyForDeploymentPostprocessing = 0;
		};
		42B00BD017C66C72000B13E7 /* Resources */ = {
			isa = PBXResourcesBuildPhase;
			buildActionMask = 2147483647;
			files = (
				42B00BD917C66C72000B13E7 /* InfoPlist.strings in Resources */,
				42B00C3617C6C66A000B13E7 /* LICENSE in Resources */,
			);
			runOnlyForDeploymentPostprocessing = 0;
		};
/* End PBXResourcesBuildPhase section */

/* Begin PBXShellScriptBuildPhase section */
		424B2E7317C7210A000B354E /* ShellScript */ = {
			isa = PBXShellScriptBuildPhase;
			buildActionMask = 2147483647;
			files = (
			);
			inputPaths = (
			);
			outputPaths = (
			);
			runOnlyForDeploymentPostprocessing = 0;
			shellPath = /bin/sh;
			shellScript = "/usr/local/bin/appledoc --project-name \"$PROJECT_NAME\" --project-company \"Firelizzard Inventions\" --company-id com.firelizzard --output \"$PROJECT_DIR/help\" --exit-threshold 2 --no-repeat-first-par --logformat xcode .";
			showEnvVarsInLog = 0;
		};
		42909B7A17B31A4700DBD505 /* ShellScript */ = {
			isa = PBXShellScriptBuildPhase;
			buildActionMask = 2147483647;
			files = (
			);
			inputPaths = (
			);
			outputPaths = (
			);
			runOnlyForDeploymentPostprocessing = 0;
			shellPath = /bin/sh;
			shellScript = "# Run the unit tests in this test bundle.\n\"${SYSTEM_DEVELOPER_DIR}/Tools/RunUnitTests\"\n";
		};
/* End PBXShellScriptBuildPhase section */

/* Begin PBXSourcesBuildPhase section */
		42909B5F17B31A4700DBD505 /* Sources */ = {
			isa = PBXSourcesBuildPhase;
			buildActionMask = 2147483647;
			files = (
				42B00B2417C53A9F000B13E7 /* ORDA.m in Sources */,
				42B00B2517C53AD8000B13E7 /* ORDAResultImpl.m in Sources */,
				42B00B2617C53ADE000B13E7 /* ORDAErrorResult.m in Sources */,
				42B00B2717C53AE3000B13E7 /* ORDADriverResult.m in Sources */,
				42B00B3217C53B9A000B13E7 /* ORDAGovernorImpl.m in Sources */,
				42B00B2917C53B07000B13E7 /* ORDAStatementImpl.m in Sources */,
				42B00B2A17C53B0B000B13E7 /* ORDAStatementResultImpl.m in Sources */,
				42719C8317C9A12B007AAB83 /* ORDATableImpl.m in Sources */,
				42719C8F17C9BF63007AAB83 /* ORDATableResultImpl.m in Sources */,
			);
			runOnlyForDeploymentPostprocessing = 0;
		};
		42909B7717B31A4700DBD505 /* Sources */ = {
			isa = PBXSourcesBuildPhase;
			buildActionMask = 2147483647;
			files = (
				42909B8B17B31A4700DBD505 /* ORDATests.m in Sources */,
			);
			runOnlyForDeploymentPostprocessing = 0;
		};
		42B00BCD17C66C72000B13E7 /* Sources */ = {
			isa = PBXSourcesBuildPhase;
			buildActionMask = 2147483647;
			files = (
				42B00BDD17C66C72000B13E7 /* ORDASQLite.m in Sources */,
				42B00BF217C66CD9000B13E7 /* ORDASQLiteDriver.m in Sources */,
				42B00BF417C66CD9000B13E7 /* ORDASQLiteErrorResult.m in Sources */,
				42B00BF617C66CD9000B13E7 /* ORDASQLiteGovernor.m in Sources */,
				42B00BF817C66CD9000B13E7 /* ORDASQLiteStatement.m in Sources */,
				42719C8717C9A3F4007AAB83 /* ORDASQLiteTable.m in Sources */,
				42719C8B17C9BC4F007AAB83 /* ORDASQLiteTableResultEntry.m in Sources */,
			);
			runOnlyForDeploymentPostprocessing = 0;
		};
/* End PBXSourcesBuildPhase section */

/* Begin PBXTargetDependency section */
		42B00C2817C6C3A7000B13E7 /* PBXTargetDependency */ = {
			isa = PBXTargetDependency;
			target = 42909B6317B31A4700DBD505 /* ORDA */;
			targetProxy = 42B00C2717C6C3A7000B13E7 /* PBXContainerItemProxy */;
		};
		42B00C2A17C6C3AC000B13E7 /* PBXTargetDependency */ = {
			isa = PBXTargetDependency;
			target = 42B00BD117C66C72000B13E7 /* ORDASQLite */;
			targetProxy = 42B00C2917C6C3AC000B13E7 /* PBXContainerItemProxy */;
		};
/* End PBXTargetDependency section */

/* Begin PBXVariantGroup section */
		42909B7017B31A4700DBD505 /* InfoPlist.strings */ = {
			isa = PBXVariantGroup;
			children = (
				42909B7117B31A4700DBD505 /* en */,
			);
			name = InfoPlist.strings;
			sourceTree = "<group>";
		};
		42909B8617B31A4700DBD505 /* InfoPlist.strings */ = {
			isa = PBXVariantGroup;
			children = (
				42909B8717B31A4700DBD505 /* en */,
			);
			name = InfoPlist.strings;
			sourceTree = "<group>";
		};
		42B00BD717C66C72000B13E7 /* InfoPlist.strings */ = {
			isa = PBXVariantGroup;
			children = (
				42B00BD817C66C72000B13E7 /* en */,
			);
			name = InfoPlist.strings;
			sourceTree = "<group>";
		};
/* End PBXVariantGroup section */

/* Begin XCBuildConfiguration section */
		42909B8C17B31A4700DBD505 /* Debug */ = {
			isa = XCBuildConfiguration;
			buildSettings = {
				ALWAYS_SEARCH_USER_PATHS = YES;
				ARCHS = "$(ARCHS_STANDARD_64_BIT)";
				CLANG_CXX_LANGUAGE_STANDARD = "gnu++0x";
				CLANG_CXX_LIBRARY = "libc++";
				CLANG_WARN_CONSTANT_CONVERSION = YES;
				CLANG_WARN_EMPTY_BODY = YES;
				CLANG_WARN_ENUM_CONVERSION = YES;
				CLANG_WARN_INT_CONVERSION = YES;
				CLANG_WARN__DUPLICATE_METHOD_MATCH = YES;
				COPY_PHASE_STRIP = NO;
				GCC_C_LANGUAGE_STANDARD = gnu99;
				GCC_DYNAMIC_NO_PIC = NO;
				GCC_ENABLE_OBJC_EXCEPTIONS = YES;
				GCC_OPTIMIZATION_LEVEL = 0;
				GCC_PREPROCESSOR_DEFINITIONS = (
					"DEBUG=1",
					"$(inherited)",
				);
				GCC_SYMBOLS_PRIVATE_EXTERN = NO;
				GCC_WARN_64_TO_32_BIT_CONVERSION = YES;
				GCC_WARN_ABOUT_RETURN_TYPE = YES;
				GCC_WARN_UNINITIALIZED_AUTOS = YES;
				GCC_WARN_UNUSED_VARIABLE = YES;
				MACOSX_DEPLOYMENT_TARGET = 10.8;
				ONLY_ACTIVE_ARCH = YES;
				OTHER_TEST_FLAGS = "";
				SDKROOT = macosx;
				TEST_RIG = "";
			};
			name = Debug;
		};
		42909B8D17B31A4700DBD505 /* Release */ = {
			isa = XCBuildConfiguration;
			buildSettings = {
				ALWAYS_SEARCH_USER_PATHS = YES;
				ARCHS = "$(ARCHS_STANDARD_64_BIT)";
				CLANG_CXX_LANGUAGE_STANDARD = "gnu++0x";
				CLANG_CXX_LIBRARY = "libc++";
				CLANG_WARN_CONSTANT_CONVERSION = YES;
				CLANG_WARN_EMPTY_BODY = YES;
				CLANG_WARN_ENUM_CONVERSION = YES;
				CLANG_WARN_INT_CONVERSION = YES;
				CLANG_WARN__DUPLICATE_METHOD_MATCH = YES;
				COPY_PHASE_STRIP = YES;
				DEBUG_INFORMATION_FORMAT = "dwarf-with-dsym";
				GCC_C_LANGUAGE_STANDARD = gnu99;
				GCC_ENABLE_OBJC_EXCEPTIONS = YES;
				GCC_WARN_64_TO_32_BIT_CONVERSION = YES;
				GCC_WARN_ABOUT_RETURN_TYPE = YES;
				GCC_WARN_UNINITIALIZED_AUTOS = YES;
				GCC_WARN_UNUSED_VARIABLE = YES;
				MACOSX_DEPLOYMENT_TARGET = 10.8;
				OTHER_TEST_FLAGS = "";
				SDKROOT = macosx;
				TEST_RIG = "";
			};
			name = Release;
		};
		42909B8F17B31A4700DBD505 /* Debug */ = {
			isa = XCBuildConfiguration;
			buildSettings = {
				COMBINE_HIDPI_IMAGES = YES;
				DYLIB_COMPATIBILITY_VERSION = 1;
				DYLIB_CURRENT_VERSION = 1;
				FRAMEWORK_VERSION = A;
				GCC_PRECOMPILE_PREFIX_HEADER = YES;
				GCC_PREFIX_HEADER = "ORDA/ORDA-Prefix.pch";
				INFOPLIST_FILE = "ORDA/ORDA-Info.plist";
				PRODUCT_NAME = "$(TARGET_NAME)";
				WRAPPER_EXTENSION = framework;
			};
			name = Debug;
		};
		42909B9017B31A4700DBD505 /* Release */ = {
			isa = XCBuildConfiguration;
			buildSettings = {
				COMBINE_HIDPI_IMAGES = YES;
				DYLIB_COMPATIBILITY_VERSION = 1;
				DYLIB_CURRENT_VERSION = 1;
				FRAMEWORK_VERSION = A;
				GCC_PRECOMPILE_PREFIX_HEADER = YES;
				GCC_PREFIX_HEADER = "ORDA/ORDA-Prefix.pch";
				INFOPLIST_FILE = "ORDA/ORDA-Info.plist";
				PRODUCT_NAME = "$(TARGET_NAME)";
				WRAPPER_EXTENSION = framework;
			};
			name = Release;
		};
		42909B9217B31A4700DBD505 /* Debug */ = {
			isa = XCBuildConfiguration;
			buildSettings = {
				COMBINE_HIDPI_IMAGES = YES;
				FRAMEWORK_SEARCH_PATHS = (
					"\"$(DEVELOPER_LIBRARY_DIR)/Frameworks\"",
					"\"$(SRCROOT)/../CORM/DerivedData/CORM/Build/Products/Debug\"",
				);
				GCC_PRECOMPILE_PREFIX_HEADER = YES;
				GCC_PREFIX_HEADER = "ORDA/ORDA-Prefix.pch";
				INFOPLIST_FILE = "ORDATests/ORDATests-Info.plist";
				LIBRARY_SEARCH_PATHS = "$(inherited)";
				PRODUCT_NAME = "$(TARGET_NAME)";
				WRAPPER_EXTENSION = octest;
			};
			name = Debug;
		};
		42909B9317B31A4700DBD505 /* Release */ = {
			isa = XCBuildConfiguration;
			buildSettings = {
				COMBINE_HIDPI_IMAGES = YES;
				FRAMEWORK_SEARCH_PATHS = (
					"\"$(DEVELOPER_LIBRARY_DIR)/Frameworks\"",
					"\"$(SRCROOT)/../CORM/DerivedData/CORM/Build/Products/Debug\"",
				);
				GCC_PRECOMPILE_PREFIX_HEADER = YES;
				GCC_PREFIX_HEADER = "ORDA/ORDA-Prefix.pch";
				INFOPLIST_FILE = "ORDATests/ORDATests-Info.plist";
				LIBRARY_SEARCH_PATHS = "$(inherited)";
				PRODUCT_NAME = "$(TARGET_NAME)";
				WRAPPER_EXTENSION = octest;
			};
			name = Release;
		};
		42B00BDF17C66C72000B13E7 /* Debug */ = {
			isa = XCBuildConfiguration;
			buildSettings = {
				ALWAYS_SEARCH_USER_PATHS = NO;
				COMBINE_HIDPI_IMAGES = YES;
				DYLIB_COMPATIBILITY_VERSION = 1;
				DYLIB_CURRENT_VERSION = 1;
				FRAMEWORK_SEARCH_PATHS = (
					"$(inherited)",
					"\"$(SRCROOT)/../CORM/DerivedData/CORM/Build/Products/Debug\"",
				);
				FRAMEWORK_VERSION = A;
				GCC_PRECOMPILE_PREFIX_HEADER = YES;
				GCC_PREFIX_HEADER = "ORDASQLite/ORDASQLite-Prefix.pch";
				INFOPLIST_FILE = "ORDASQLite/ORDASQLite-Info.plist";
				PRODUCT_NAME = "$(TARGET_NAME)";
				WRAPPER_EXTENSION = framework;
			};
			name = Debug;
		};
		42B00BE017C66C72000B13E7 /* Release */ = {
			isa = XCBuildConfiguration;
			buildSettings = {
				ALWAYS_SEARCH_USER_PATHS = NO;
				COMBINE_HIDPI_IMAGES = YES;
				DYLIB_COMPATIBILITY_VERSION = 1;
				DYLIB_CURRENT_VERSION = 1;
				FRAMEWORK_SEARCH_PATHS = (
					"$(inherited)",
					"\"$(SRCROOT)/../CORM/DerivedData/CORM/Build/Products/Debug\"",
				);
				FRAMEWORK_VERSION = A;
				GCC_PRECOMPILE_PREFIX_HEADER = YES;
				GCC_PREFIX_HEADER = "ORDASQLite/ORDASQLite-Prefix.pch";
				INFOPLIST_FILE = "ORDASQLite/ORDASQLite-Info.plist";
				PRODUCT_NAME = "$(TARGET_NAME)";
				WRAPPER_EXTENSION = framework;
			};
			name = Release;
		};
/* End XCBuildConfiguration section */

/* Begin XCConfigurationList section */
		42909B5E17B31A4700DBD505 /* Build configuration list for PBXProject "ORDA" */ = {
			isa = XCConfigurationList;
			buildConfigurations = (
				42909B8C17B31A4700DBD505 /* Debug */,
				42909B8D17B31A4700DBD505 /* Release */,
			);
			defaultConfigurationIsVisible = 0;
			defaultConfigurationName = Release;
		};
		42909B8E17B31A4700DBD505 /* Build configuration list for PBXNativeTarget "ORDA" */ = {
			isa = XCConfigurationList;
			buildConfigurations = (
				42909B8F17B31A4700DBD505 /* Debug */,
				42909B9017B31A4700DBD505 /* Release */,
			);
			defaultConfigurationIsVisible = 0;
			defaultConfigurationName = Release;
		};
		42909B9117B31A4700DBD505 /* Build configuration list for PBXNativeTarget "ORDATests" */ = {
			isa = XCConfigurationList;
			buildConfigurations = (
				42909B9217B31A4700DBD505 /* Debug */,
				42909B9317B31A4700DBD505 /* Release */,
			);
			defaultConfigurationIsVisible = 0;
			defaultConfigurationName = Release;
		};
		42B00BDE17C66C72000B13E7 /* Build configuration list for PBXNativeTarget "ORDASQLite" */ = {
			isa = XCConfigurationList;
			buildConfigurations = (
				42B00BDF17C66C72000B13E7 /* Debug */,
				42B00BE017C66C72000B13E7 /* Release */,
			);
			defaultConfigurationIsVisible = 0;
			defaultConfigurationName = Release;
		};
/* End XCConfigurationList section */
	};
	rootObject = 42909B5B17B31A4700DBD505 /* Project object */;
}
